// !$*UTF8*$!
{
	archiveVersion = 1;
	classes = {
	};
	objectVersion = 46;
	objects = {

/* Begin PBXAggregateTarget section */
		FF7CBD763589B2249E896369 /* hybridrevjo - All */ = {
			isa = PBXAggregateTarget;
			buildConfigurationList = DC7BDDE1F34E0758BB4CE469;
			buildPhases = (
			);
			dependencies = (
				9B2E44BF9A890A88CDE3191A,
				A613D479B3643F7961AA2105,
				1B8CB967A164F43CF9B90DBC,
				43BBDC5764C78DA5571584E2,
				0D715F7FA98D7B471509C0E3,
			);
			name = "hybridrevjo - All";
			productName = hybridrevjo;
		};
/* End PBXAggregateTarget section */

/* Begin PBXBuildFile section */
		1350D902EB407C9138A64261 /* include_juce_analytics.cpp */ = {isa = PBXBuildFile; fileRef = 206E50A59D7E6BD2113D6DF7; };
		18EBCD2603F94D9757C720D3 /* Metal.framework */ = {isa = PBXBuildFile; fileRef = 92601D6937541FC4626555A1; settings = { ATTRIBUTES = (Weak, ); }; };
		1B8230BEF4F96669B9BD3C91 /* PluginEditor.cpp */ = {isa = PBXBuildFile; fileRef = 980B93A60F631AE739BC3ED1; };
		1C3E9D673284C1BDEFDCE60E /* DiscRecording.framework */ = {isa = PBXBuildFile; fileRef = BCAFAECA3D24125AE1C16C8D; };
		245A199F7E61DFFB046CFC7A /* VST3 Manifest Helper */ = {isa = PBXBuildFile; fileRef = C4928512A8F3F7C4945670BF; };
		24916C031AB18EBB7D9A7472 /* Shared Code */ = {isa = PBXBuildFile; fileRef = 464B73BA092F19E19FA456C7; };
		290BDE0B7814FF7DD4AB1EF3 /* include_juce_audio_plugin_client_VST3.mm */ = {isa = PBXBuildFile; fileRef = A3B519322022AF2748538227; };
		35429DDBD04F8DEEA5701032 /* VST3 */ = {isa = PBXBuildFile; fileRef = 7D324A958D681B186681EDEB; };
		44A0D04218A13D0064C08514 /* include_juce_audio_formats.mm */ = {isa = PBXBuildFile; fileRef = 91B3539793EA0596F73992FC; };
		524D36154A09114674A142E6 /* Cocoa.framework */ = {isa = PBXBuildFile; fileRef = AC69828A941C8AB016C185FF; };
		53494ABCC7AC00B42B270FED /* CoreAudioKit.framework */ = {isa = PBXBuildFile; fileRef = B60A1C187CFB36D511D066E6; };
		573EC6CE73003A406EB03723 /* include_juce_gui_extra.mm */ = {isa = PBXBuildFile; fileRef = 5F5D5C74E1A151E0FF7A6136; };
		5A1A7B026051BFED462C653E /* AAX */ = {isa = PBXBuildFile; fileRef = B465F3471D0569CC0B043981; };
		5D75E9F5783E4560FA8885E7 /* include_juce_graphics.mm */ = {isa = PBXBuildFile; fileRef = 36530BC24BE29830BBEE5E61; };
		601687328959E4F21779F352 /* IOKit.framework */ = {isa = PBXBuildFile; fileRef = E58E698045CD62B8F945EC09; };
		622A1068055DD45819E1888C /* CoreMIDI.framework */ = {isa = PBXBuildFile; fileRef = 4F636ADA1859A414700B5137; };
		69F61F202105D7B9D3D2EE44 /* RecentFilesMenuTemplate.nib */ = {isa = PBXBuildFile; fileRef = 4818128375DCFE92FAB436D8; };
		7229EA2656CD1F9CD060D373 /* include_juce_events.mm */ = {isa = PBXBuildFile; fileRef = AEAFB260AA75271C74AED0AC; };
		775F1A7E5357FE8282C45BED /* Accelerate.framework */ = {isa = PBXBuildFile; fileRef = C1C1DA9A2F96279AAB4886E2; };
		7825DB4E66644F395D0BCBFC /* CoreAudio.framework */ = {isa = PBXBuildFile; fileRef = 052B8EEB1D00A58E1CD8607D; };
		7DFB90C8730EF1B82E5A9C4A /* AU */ = {isa = PBXBuildFile; fileRef = 8470A13EC213D456BFF8D656; };
		7FCF6336EC49CF02B15CB86B /* MetalKit.framework */ = {isa = PBXBuildFile; fileRef = A8A170A502058100D6FE0CB7; settings = { ATTRIBUTES = (Weak, ); }; };
		7FEB4F9E034254B8E9AA48E8 /* include_juce_audio_processors_headless.mm */ = {isa = PBXBuildFile; fileRef = 66BB0140E1EFF7BBE585A2BE; };
		838B83372F9428AB71681D89 /* include_juce_audio_devices.mm */ = {isa = PBXBuildFile; fileRef = 526DFBC5781846D15EBDB6C2; };
		8B185C2DB22179767E423983 /* include_juce_audio_plugin_client_AAX.mm */ = {isa = PBXBuildFile; fileRef = CFDAD3B4AF6B6FB6A0FF27EE; };
		91F1A08B27A59ED4558B660C /* QuartzCore.framework */ = {isa = PBXBuildFile; fileRef = 470DDE1F2E1BA8DC6A6A8EA7; };
		946FD2835BFA7DEB5EDC5736 /* WebKit.framework */ = {isa = PBXBuildFile; fileRef = 7AF28D3E3DEEF8445EC360E9; };
		97E38F7C2AD5F4CC59E7238D /* include_juce_audio_plugin_client_ARA.cpp */ = {isa = PBXBuildFile; fileRef = AC7436AF017BE7797A4AE043; };
		9C0F4A7CB710A70D26B33988 /* include_juce_audio_processors_headless_lv2_libs.cpp */ = {isa = PBXBuildFile; fileRef = E382319D38340C187B37F252; };
		9FB9BE9CE4898701E2F21079 /* PluginProcessor.cpp */ = {isa = PBXBuildFile; fileRef = 40C7C16CB5DD1E31043BA224; };
		9FC2B40446C0EBA9FFF664B3 /* include_juce_core.mm */ = {isa = PBXBuildFile; fileRef = 1E864CD85532F6E8337E33F1; };
		A0A66E0CC8F472EF7AF72942 /* AudioUnit.framework */ = {isa = PBXBuildFile; fileRef = 75017048043E194FD3F4C1CC; };
		A427ECDA119A00D63A9E46FB /* BinaryData.cpp */ = {isa = PBXBuildFile; fileRef = 17ACFD8621D8206AFCD35D16; };
		A431F674B9A60AD4C58A71A9 /* include_juce_audio_plugin_client_AAX_utils.cpp */ = {isa = PBXBuildFile; fileRef = DDEFB1DF655AFFD42F0F49C7; };
		A5C57911F6A364C08500F6FE /* include_juce_audio_basics.mm */ = {isa = PBXBuildFile; fileRef = 289F8F3E5A1FE92434431167; };
		A7F23549AB32C331E2978AC5 /* include_juce_data_structures.mm */ = {isa = PBXBuildFile; fileRef = 24A79CD62BCEDF5D6DCF2679; };
		A8E685694597D0B12C8C0909 /* include_juce_graphics_Harfbuzz.cpp */ = {isa = PBXBuildFile; fileRef = 4FDC4AAD3569C74FDD810312; };
		AA0DE0CE2F1FDE2F3156F8DF /* include_juce_audio_processors_headless_ara.cpp */ = {isa = PBXBuildFile; fileRef = 9E7E5C15A671AA20CE3249A5; };
		B3A9B4E28848CCDF1EEF6F66 /* Security.framework */ = {isa = PBXBuildFile; fileRef = 4740253A85951F3007B8F0C9; };
		B559BE0CFE54A85E3F93BEEE /* include_juce_gui_basics.mm */ = {isa = PBXBuildFile; fileRef = 8F039D2893BA782584F35289; };
		BE70DC23E17F82F636120D09 /* AudioToolbox.framework */ = {isa = PBXBuildFile; fileRef = 4317BAE18174F471AF1D211D; };
		CED26298960AC21CEEFB091E /* include_juce_core_CompilationTime.cpp */ = {isa = PBXBuildFile; fileRef = C2D09A64AAC14A3B4E280C18; };
		D1E45F5F7FB4DD254905176D /* Foundation.framework */ = {isa = PBXBuildFile; fileRef = 9DC94EBE791991A8CFAE07D8; };
		D35E3085243F5B874ABC38EB /* include_juce_graphics_Sheenbidi.c */ = {isa = PBXBuildFile; fileRef = CA23B7231D9F5327336C29E9; };
		D49599954483209A3071E59B /* include_juce_audio_processors.mm */ = {isa = PBXBuildFile; fileRef = A9342DEC54C43655F308AC1D; };
		D93F53E504D408CC224BF786 /* include_juce_audio_plugin_client_AU_1.mm */ = {isa = PBXBuildFile; fileRef = 0111ADF628B5156ABABBF17B; };
		E451483BC5079A08D651BCBC /* juce_VST3ManifestHelper.mm */ = {isa = PBXBuildFile; fileRef = 5F882C00AD604DC16102EF9B; settings = { COMPILER_FLAGS = "-w -DJUCE_SKIP_PRECOMPILED_HEADER"; }; };
		F85DDF551F5C3AC650493F02 /* include_juce_audio_utils.mm */ = {isa = PBXBuildFile; fileRef = 8D51E4DA732E4196BA47E24E; };
		FF0C574B0D7B8A014B6BBD4E /* include_juce_audio_plugin_client_AU_2.mm */ = {isa = PBXBuildFile; fileRef = 955DDD58A12CFC523594B0C9; };
		FF16645B35DCA58EEF4A7960 /* include_juce_dsp.mm */ = {isa = PBXBuildFile; fileRef = 1A5FEB0B114202A4E3EC9782; };
/* End PBXBuildFile section */

/* Begin PBXFileReference section */
		00EA19B12CB54051FDD4F94F /* FreqAnalyzer.h */ /* FreqAnalyzer.h */ = {isa = PBXFileReference; lastKnownFileType = sourcecode.c.h; name = FreqAnalyzer.h; path = ../../Source/FreqAnalyzer.h; sourceTree = SOURCE_ROOT; };
		0111ADF628B5156ABABBF17B /* include_juce_audio_plugin_client_AU_1.mm */ /* include_juce_audio_plugin_client_AU_1.mm */ = {isa = PBXFileReference; lastKnownFileType = sourcecode.cpp.objcpp; name = include_juce_audio_plugin_client_AU_1.mm; path = ../../JuceLibraryCode/include_juce_audio_plugin_client_AU_1.mm; sourceTree = SOURCE_ROOT; };
		052B8EEB1D00A58E1CD8607D /* CoreAudio.framework */ /* CoreAudio.framework */ = {isa = PBXFileReference; lastKnownFileType = wrapper.framework; name = CoreAudio.framework; path = System/Library/Frameworks/CoreAudio.framework; sourceTree = SDKROOT; };
		0AAB2F6F48D9519DAD3FE4A0 /* meeting.wav */ /* meeting.wav */ = {isa = PBXFileReference; lastKnownFileType = file.wav; name = meeting.wav; path = ../../Source/meeting.wav; sourceTree = SOURCE_ROOT; };
		0B302543FF606BAC39F8FEFC /* PrimeUtil.h */ /* PrimeUtil.h */ = {isa = PBXFileReference; lastKnownFileType = sourcecode.c.h; name = PrimeUtil.h; path = ../../Source/PrimeUtil.h; sourceTree = SOURCE_ROOT; };
		16340B9C2CF2AA3872C59D0A /* juce_audio_plugin_client */ /* juce_audio_plugin_client */ = {isa = PBXFileReference; lastKnownFileType = folder; name = juce_audio_plugin_client; path = /Users/louisdeng/Documents/JUCE/modules/juce_audio_plugin_client; sourceTree = "<absolute>"; };
		17ACFD8621D8206AFCD35D16 /* BinaryData.cpp */ /* BinaryData.cpp */ = {isa = PBXFileReference; lastKnownFileType = sourcecode.cpp.cpp; name = BinaryData.cpp; path = ../../JuceLibraryCode/BinaryData.cpp; sourceTree = SOURCE_ROOT; };
		1A5FEB0B114202A4E3EC9782 /* include_juce_dsp.mm */ /* include_juce_dsp.mm */ = {isa = PBXFileReference; lastKnownFileType = sourcecode.cpp.objcpp; name = include_juce_dsp.mm; path = ../../JuceLibraryCode/include_juce_dsp.mm; sourceTree = SOURCE_ROOT; };
		1C54A0F1ABB200156AAB3441 /* juce_analytics */ /* juce_analytics */ = {isa = PBXFileReference; lastKnownFileType = folder; name = juce_analytics; path = /Users/louisdeng/Documents/JUCE/modules/juce_analytics; sourceTree = "<absolute>"; };
		1E864CD85532F6E8337E33F1 /* include_juce_core.mm */ /* include_juce_core.mm */ = {isa = PBXFileReference; lastKnownFileType = sourcecode.cpp.objcpp; name = include_juce_core.mm; path = ../../JuceLibraryCode/include_juce_core.mm; sourceTree = SOURCE_ROOT; };
		1EEA00B359CE48D6F5038F1B /* juce_data_structures */ /* juce_data_structures */ = {isa = PBXFileReference; lastKnownFileType = folder; name = juce_data_structures; path = /Users/louisdeng/Documents/JUCE/modules/juce_data_structures; sourceTree = "<absolute>"; };
		206E50A59D7E6BD2113D6DF7 /* include_juce_analytics.cpp */ /* include_juce_analytics.cpp */ = {isa = PBXFileReference; lastKnownFileType = sourcecode.cpp.cpp; name = include_juce_analytics.cpp; path = ../../JuceLibraryCode/include_juce_analytics.cpp; sourceTree = SOURCE_ROOT; };
		24A79CD62BCEDF5D6DCF2679 /* include_juce_data_structures.mm */ /* include_juce_data_structures.mm */ = {isa = PBXFileReference; lastKnownFileType = sourcecode.cpp.objcpp; name = include_juce_data_structures.mm; path = ../../JuceLibraryCode/include_juce_data_structures.mm; sourceTree = SOURCE_ROOT; };
		24D9086FDCC97820E62CBC7B /* BiquadCombChannel.h */ /* BiquadCombChannel.h */ = {isa = PBXFileReference; lastKnownFileType = sourcecode.c.h; name = BiquadCombChannel.h; path = ../../Source/BiquadCombChannel.h; sourceTree = SOURCE_ROOT; };
		251F35132F35E989040AF12C /* SpectrumUtil.h */ /* SpectrumUtil.h */ = {isa = PBXFileReference; lastKnownFileType = sourcecode.c.h; name = SpectrumUtil.h; path = ../../Source/SpectrumUtil.h; sourceTree = SOURCE_ROOT; };
		289F8F3E5A1FE92434431167 /* include_juce_audio_basics.mm */ /* include_juce_audio_basics.mm */ = {isa = PBXFileReference; lastKnownFileType = sourcecode.cpp.objcpp; name = include_juce_audio_basics.mm; path = ../../JuceLibraryCode/include_juce_audio_basics.mm; sourceTree = SOURCE_ROOT; };
		2CDE734B89B9B9B1305908C7 /* AmpMod.h */ /* AmpMod.h */ = {isa = PBXFileReference; lastKnownFileType = sourcecode.c.h; name = AmpMod.h; path = ../../Source/AmpMod.h; sourceTree = SOURCE_ROOT; };
		32D16F9EC4C3F86EC497CC24 /* juce_events */ /* juce_events */ = {isa = PBXFileReference; lastKnownFileType = folder; name = juce_events; path = /Users/louisdeng/Documents/JUCE/modules/juce_events; sourceTree = "<absolute>"; };
		36530BC24BE29830BBEE5E61 /* include_juce_graphics.mm */ /* include_juce_graphics.mm */ = {isa = PBXFileReference; lastKnownFileType = sourcecode.cpp.objcpp; name = include_juce_graphics.mm; path = ../../JuceLibraryCode/include_juce_graphics.mm; sourceTree = SOURCE_ROOT; };
		365A25B3D4FBAD42BC369FCC /* juce_audio_utils */ /* juce_audio_utils */ = {isa = PBXFileReference; lastKnownFileType = folder; name = juce_audio_utils; path = /Users/louisdeng/Documents/JUCE/modules/juce_audio_utils; sourceTree = "<absolute>"; };
		37D78A86E754B80C2B184C8B /* LateReverbManager.h */ /* LateReverbManager.h */ = {isa = PBXFileReference; lastKnownFileType = sourcecode.c.h; name = LateReverbManager.h; path = ../../Source/LateReverbManager.h; sourceTree = SOURCE_ROOT; };
		3C58D51F1E404CEB20C471EA /* stair.wav */ /* stair.wav */ = {isa = PBXFileReference; lastKnownFileType = file.wav; name = stair.wav; path = ../../Source/stair.wav; sourceTree = SOURCE_ROOT; };
		40C7C16CB5DD1E31043BA224 /* PluginProcessor.cpp */ /* PluginProcessor.cpp */ = {isa = PBXFileReference; lastKnownFileType = sourcecode.cpp.cpp; name = PluginProcessor.cpp; path = ../../Source/PluginProcessor.cpp; sourceTree = SOURCE_ROOT; };
		4317BAE18174F471AF1D211D /* AudioToolbox.framework */ /* AudioToolbox.framework */ = {isa = PBXFileReference; lastKnownFileType = wrapper.framework; name = AudioToolbox.framework; path = System/Library/Frameworks/AudioToolbox.framework; sourceTree = SDKROOT; };
		432C6E465F757EF422D77662 /* BinaryData.h */ /* BinaryData.h */ = {isa = PBXFileReference; lastKnownFileType = sourcecode.c.h; name = BinaryData.h; path = ../../JuceLibraryCode/BinaryData.h; sourceTree = SOURCE_ROOT; };
		464B73BA092F19E19FA456C7 /* Shared Code */ = {isa = PBXFileReference; explicitFileType = archive.ar; includeInIndex = 0; path = libhybridrevjo.a; sourceTree = BUILT_PRODUCTS_DIR; };
		470DDE1F2E1BA8DC6A6A8EA7 /* QuartzCore.framework */ /* QuartzCore.framework */ = {isa = PBXFileReference; lastKnownFileType = wrapper.framework; name = QuartzCore.framework; path = System/Library/Frameworks/QuartzCore.framework; sourceTree = SDKROOT; };
		4740253A85951F3007B8F0C9 /* Security.framework */ /* Security.framework */ = {isa = PBXFileReference; lastKnownFileType = wrapper.framework; name = Security.framework; path = System/Library/Frameworks/Security.framework; sourceTree = SDKROOT; };
		4818128375DCFE92FAB436D8 /* RecentFilesMenuTemplate.nib */ /* RecentFilesMenuTemplate.nib */ = {isa = PBXFileReference; lastKnownFileType = file.nib; name = RecentFilesMenuTemplate.nib; path = RecentFilesMenuTemplate.nib; sourceTree = SOURCE_ROOT; };
		4E09AB43A5B608ABBD2B0D8C /* DWmixer.h */ /* DWmixer.h */ = {isa = PBXFileReference; lastKnownFileType = sourcecode.c.h; name = DWmixer.h; path = ../../Source/DWmixer.h; sourceTree = SOURCE_ROOT; };
		4F636ADA1859A414700B5137 /* CoreMIDI.framework */ /* CoreMIDI.framework */ = {isa = PBXFileReference; lastKnownFileType = wrapper.framework; name = CoreMIDI.framework; path = System/Library/Frameworks/CoreMIDI.framework; sourceTree = SDKROOT; };
		4FDC4AAD3569C74FDD810312 /* include_juce_graphics_Harfbuzz.cpp */ /* include_juce_graphics_Harfbuzz.cpp */ = {isa = PBXFileReference; lastKnownFileType = sourcecode.cpp.cpp; name = include_juce_graphics_Harfbuzz.cpp; path = ../../JuceLibraryCode/include_juce_graphics_Harfbuzz.cpp; sourceTree = SOURCE_ROOT; };
		526DFBC5781846D15EBDB6C2 /* include_juce_audio_devices.mm */ /* include_juce_audio_devices.mm */ = {isa = PBXFileReference; lastKnownFileType = sourcecode.cpp.objcpp; name = include_juce_audio_devices.mm; path = ../../JuceLibraryCode/include_juce_audio_devices.mm; sourceTree = SOURCE_ROOT; };
		5F5D5C74E1A151E0FF7A6136 /* include_juce_gui_extra.mm */ /* include_juce_gui_extra.mm */ = {isa = PBXFileReference; lastKnownFileType = sourcecode.cpp.objcpp; name = include_juce_gui_extra.mm; path = ../../JuceLibraryCode/include_juce_gui_extra.mm; sourceTree = SOURCE_ROOT; };
		5F882C00AD604DC16102EF9B /* juce_VST3ManifestHelper.mm */ /* juce_VST3ManifestHelper.mm */ = {isa = PBXFileReference; lastKnownFileType = sourcecode.cpp.objcpp; name = juce_VST3ManifestHelper.mm; path = /Users/louisdeng/Documents/JUCE/modules/juce_audio_plugin_client/VST3/juce_VST3ManifestHelper.mm; sourceTree = "<absolute>"; };
		66BB0140E1EFF7BBE585A2BE /* include_juce_audio_processors_headless.mm */ /* include_juce_audio_processors_headless.mm */ = {isa = PBXFileReference; lastKnownFileType = sourcecode.cpp.objcpp; name = include_juce_audio_processors_headless.mm; path = ../../JuceLibraryCode/include_juce_audio_processors_headless.mm; sourceTree = SOURCE_ROOT; };
		680933F471A130FB0E0239F1 /* JuceHeader.h */ /* JuceHeader.h */ = {isa = PBXFileReference; lastKnownFileType = sourcecode.c.h; name = JuceHeader.h; path = ../../JuceLibraryCode/JuceHeader.h; sourceTree = SOURCE_ROOT; };
		6DCBC817CD19D6571EBCF2FD /* Notes */ /* Notes */ = {isa = PBXFileReference; lastKnownFileType = file; name = Notes; path = ../../Notes; sourceTree = SOURCE_ROOT; };
		6EB81A966B042B2F7EA32680 /* JucePluginDefines.h */ /* JucePluginDefines.h */ = {isa = PBXFileReference; lastKnownFileType = sourcecode.c.h; name = JucePluginDefines.h; path = ../../JuceLibraryCode/JucePluginDefines.h; sourceTree = SOURCE_ROOT; };
		71E2E528439188C05B2DA8EA /* juce_dsp */ /* juce_dsp */ = {isa = PBXFileReference; lastKnownFileType = folder; name = juce_dsp; path = /Users/louisdeng/Documents/JUCE/modules/juce_dsp; sourceTree = "<absolute>"; };
		74B3E48564B188C5098CBF2F /* Info-AAX.plist */ /* Info-AAX.plist */ = {isa = PBXFileReference; lastKnownFileType = text.plist.xml; name = "Info-AAX.plist"; path = "Info-AAX.plist"; sourceTree = SOURCE_ROOT; };
		75017048043E194FD3F4C1CC /* AudioUnit.framework */ /* AudioUnit.framework */ = {isa = PBXFileReference; lastKnownFileType = wrapper.framework; name = AudioUnit.framework; path = System/Library/Frameworks/AudioUnit.framework; sourceTree = SDKROOT; };
		7AF28D3E3DEEF8445EC360E9 /* WebKit.framework */ /* WebKit.framework */ = {isa = PBXFileReference; lastKnownFileType = wrapper.framework; name = WebKit.framework; path = System/Library/Frameworks/WebKit.framework; sourceTree = SDKROOT; };
		7D324A958D681B186681EDEB /* VST3 */ = {isa = PBXFileReference; explicitFileType = wrapper.cfbundle; includeInIndex = 0; path = hybridrevjo.vst3; sourceTree = BUILT_PRODUCTS_DIR; };
		842AD6B1306247C83B6A88B7 /* juce_gui_basics */ /* juce_gui_basics */ = {isa = PBXFileReference; lastKnownFileType = folder; name = juce_gui_basics; path = /Users/louisdeng/Documents/JUCE/modules/juce_gui_basics; sourceTree = "<absolute>"; };
		8470A13EC213D456BFF8D656 /* AU */ = {isa = PBXFileReference; explicitFileType = wrapper.cfbundle; includeInIndex = 0; path = hybridrevjo.component; sourceTree = BUILT_PRODUCTS_DIR; };
		8B5666D3BA0C046FDAEA89B4 /* Info-VST3_Manifest_Helper.plist */ /* Info-VST3_Manifest_Helper.plist */ = {isa = PBXFileReference; lastKnownFileType = text.plist.xml; name = "Info-VST3_Manifest_Helper.plist"; path = "Info-VST3_Manifest_Helper.plist"; sourceTree = SOURCE_ROOT; };
		8C6ED276B5C1F84A9288861B /* SchroederAPLine.h */ /* SchroederAPLine.h */ = {isa = PBXFileReference; lastKnownFileType = sourcecode.c.h; name = SchroederAPLine.h; path = ../../Source/SchroederAPLine.h; sourceTree = SOURCE_ROOT; };
		8C99DA1E534C04B07862E244 /* juce_graphics */ /* juce_graphics */ = {isa = PBXFileReference; lastKnownFileType = folder; name = juce_graphics; path = /Users/louisdeng/Documents/JUCE/modules/juce_graphics; sourceTree = "<absolute>"; };
		8D51E4DA732E4196BA47E24E /* include_juce_audio_utils.mm */ /* include_juce_audio_utils.mm */ = {isa = PBXFileReference; lastKnownFileType = sourcecode.cpp.objcpp; name = include_juce_audio_utils.mm; path = ../../JuceLibraryCode/include_juce_audio_utils.mm; sourceTree = SOURCE_ROOT; };
		8F039D2893BA782584F35289 /* include_juce_gui_basics.mm */ /* include_juce_gui_basics.mm */ = {isa = PBXFileReference; lastKnownFileType = sourcecode.cpp.objcpp; name = include_juce_gui_basics.mm; path = ../../JuceLibraryCode/include_juce_gui_basics.mm; sourceTree = SOURCE_ROOT; };
		91B3539793EA0596F73992FC /* include_juce_audio_formats.mm */ /* include_juce_audio_formats.mm */ = {isa = PBXFileReference; lastKnownFileType = sourcecode.cpp.objcpp; name = include_juce_audio_formats.mm; path = ../../JuceLibraryCode/include_juce_audio_formats.mm; sourceTree = SOURCE_ROOT; };
		92601D6937541FC4626555A1 /* Metal.framework */ /* Metal.framework */ = {isa = PBXFileReference; lastKnownFileType = wrapper.framework; name = Metal.framework; path = System/Library/Frameworks/Metal.framework; sourceTree = SDKROOT; };
		955DDD58A12CFC523594B0C9 /* include_juce_audio_plugin_client_AU_2.mm */ /* include_juce_audio_plugin_client_AU_2.mm */ = {isa = PBXFileReference; lastKnownFileType = sourcecode.cpp.objcpp; name = include_juce_audio_plugin_client_AU_2.mm; path = ../../JuceLibraryCode/include_juce_audio_plugin_client_AU_2.mm; sourceTree = SOURCE_ROOT; };
		970B98651F20E807D86B85FD /* lecture.wav */ /* lecture.wav */ = {isa = PBXFileReference; lastKnownFileType = file.wav; name = lecture.wav; path = ../../Source/lecture.wav; sourceTree = SOURCE_ROOT; };
		980B93A60F631AE739BC3ED1 /* PluginEditor.cpp */ /* PluginEditor.cpp */ = {isa = PBXFileReference; lastKnownFileType = sourcecode.cpp.cpp; name = PluginEditor.cpp; path = ../../Source/PluginEditor.cpp; sourceTree = SOURCE_ROOT; };
		986E95EB24D26EC62100534F /* juce_audio_devices */ /* juce_audio_devices */ = {isa = PBXFileReference; lastKnownFileType = folder; name = juce_audio_devices; path = /Users/louisdeng/Documents/JUCE/modules/juce_audio_devices; sourceTree = "<absolute>"; };
		9DC94EBE791991A8CFAE07D8 /* Foundation.framework */ /* Foundation.framework */ = {isa = PBXFileReference; lastKnownFileType = wrapper.framework; name = Foundation.framework; path = System/Library/Frameworks/Foundation.framework; sourceTree = SDKROOT; };
		9E7E5C15A671AA20CE3249A5 /* include_juce_audio_processors_headless_ara.cpp */ /* include_juce_audio_processors_headless_ara.cpp */ = {isa = PBXFileReference; lastKnownFileType = sourcecode.cpp.cpp; name = include_juce_audio_processors_headless_ara.cpp; path = ../../JuceLibraryCode/include_juce_audio_processors_headless_ara.cpp; sourceTree = SOURCE_ROOT; };
		A0A3AEF04580DF30A4AD8E61 /* juce_gui_extra */ /* juce_gui_extra */ = {isa = PBXFileReference; lastKnownFileType = folder; name = juce_gui_extra; path = /Users/louisdeng/Documents/JUCE/modules/juce_gui_extra; sourceTree = "<absolute>"; };
		A15C9BE1C36BE3A164F009BA /* juce_audio_basics */ /* juce_audio_basics */ = {isa = PBXFileReference; lastKnownFileType = folder; name = juce_audio_basics; path = /Users/louisdeng/Documents/JUCE/modules/juce_audio_basics; sourceTree = "<absolute>"; };
		A3B519322022AF2748538227 /* include_juce_audio_plugin_client_VST3.mm */ /* include_juce_audio_plugin_client_VST3.mm */ = {isa = PBXFileReference; lastKnownFileType = sourcecode.cpp.objcpp; name = include_juce_audio_plugin_client_VST3.mm; path = ../../JuceLibraryCode/include_juce_audio_plugin_client_VST3.mm; sourceTree = SOURCE_ROOT; };
		A6452AA3EE396A4ED499E44E /* office.wav */ /* office.wav */ = {isa = PBXFileReference; lastKnownFileType = file.wav; name = office.wav; path = ../../Source/office.wav; sourceTree = SOURCE_ROOT; };
		A8A170A502058100D6FE0CB7 /* MetalKit.framework */ /* MetalKit.framework */ = {isa = PBXFileReference; lastKnownFileType = wrapper.framework; name = MetalKit.framework; path = System/Library/Frameworks/MetalKit.framework; sourceTree = SDKROOT; };
		A9342DEC54C43655F308AC1D /* include_juce_audio_processors.mm */ /* include_juce_audio_processors.mm */ = {isa = PBXFileReference; lastKnownFileType = sourcecode.cpp.objcpp; name = include_juce_audio_processors.mm; path = ../../JuceLibraryCode/include_juce_audio_processors.mm; sourceTree = SOURCE_ROOT; };
		AC69828A941C8AB016C185FF /* Cocoa.framework */ /* Cocoa.framework */ = {isa = PBXFileReference; lastKnownFileType = wrapper.framework; name = Cocoa.framework; path = System/Library/Frameworks/Cocoa.framework; sourceTree = SDKROOT; };
		AC7436AF017BE7797A4AE043 /* include_juce_audio_plugin_client_ARA.cpp */ /* include_juce_audio_plugin_client_ARA.cpp */ = {isa = PBXFileReference; lastKnownFileType = sourcecode.cpp.cpp; name = include_juce_audio_plugin_client_ARA.cpp; path = ../../JuceLibraryCode/include_juce_audio_plugin_client_ARA.cpp; sourceTree = SOURCE_ROOT; };
		AEAFB260AA75271C74AED0AC /* include_juce_events.mm */ /* include_juce_events.mm */ = {isa = PBXFileReference; lastKnownFileType = sourcecode.cpp.objcpp; name = include_juce_events.mm; path = ../../JuceLibraryCode/include_juce_events.mm; sourceTree = SOURCE_ROOT; };
		B465F3471D0569CC0B043981 /* AAX */ = {isa = PBXFileReference; explicitFileType = wrapper.cfbundle; includeInIndex = 0; path = hybridrevjo.aaxplugin; sourceTree = BUILT_PRODUCTS_DIR; };
		B60A1C187CFB36D511D066E6 /* CoreAudioKit.framework */ /* CoreAudioKit.framework */ = {isa = PBXFileReference; lastKnownFileType = wrapper.framework; name = CoreAudioKit.framework; path = System/Library/Frameworks/CoreAudioKit.framework; sourceTree = SDKROOT; };
		BB918A9009EAC3932CD35FE3 /* AppConfig.h */ /* AppConfig.h */ = {isa = PBXFileReference; lastKnownFileType = sourcecode.c.h; name = AppConfig.h; path = ../../JuceLibraryCode/AppConfig.h; sourceTree = SOURCE_ROOT; };
		BCAFAECA3D24125AE1C16C8D /* DiscRecording.framework */ /* DiscRecording.framework */ = {isa = PBXFileReference; lastKnownFileType = wrapper.framework; name = DiscRecording.framework; path = System/Library/Frameworks/DiscRecording.framework; sourceTree = SDKROOT; };
		BEE8D44BE442419A28D42699 /* juce_core */ /* juce_core */ = {isa = PBXFileReference; lastKnownFileType = folder; name = juce_core; path = /Users/louisdeng/Documents/JUCE/modules/juce_core; sourceTree = "<absolute>"; };
		BFC18E2802EB5679D9DBBE0D /* juce_audio_formats */ /* juce_audio_formats */ = {isa = PBXFileReference; lastKnownFileType = folder; name = juce_audio_formats; path = /Users/louisdeng/Documents/JUCE/modules/juce_audio_formats; sourceTree = "<absolute>"; };
		C1C1DA9A2F96279AAB4886E2 /* Accelerate.framework */ /* Accelerate.framework */ = {isa = PBXFileReference; lastKnownFileType = wrapper.framework; name = Accelerate.framework; path = System/Library/Frameworks/Accelerate.framework; sourceTree = SDKROOT; };
		C2D09A64AAC14A3B4E280C18 /* include_juce_core_CompilationTime.cpp */ /* include_juce_core_CompilationTime.cpp */ = {isa = PBXFileReference; lastKnownFileType = sourcecode.cpp.cpp; name = include_juce_core_CompilationTime.cpp; path = ../../JuceLibraryCode/include_juce_core_CompilationTime.cpp; sourceTree = SOURCE_ROOT; };
		C4928512A8F3F7C4945670BF /* VST3 Manifest Helper */ = {isa = PBXFileReference; explicitFileType = "compiled.mach-o.executable"; includeInIndex = 0; path = juce_vst3_helper; sourceTree = BUILT_PRODUCTS_DIR; };
		C61BE43EA28F536CFD71FA30 /* juce_audio_processors */ /* juce_audio_processors */ = {isa = PBXFileReference; lastKnownFileType = folder; name = juce_audio_processors; path = /Users/louisdeng/Documents/JUCE/modules/juce_audio_processors; sourceTree = "<absolute>"; };
		CA23B7231D9F5327336C29E9 /* include_juce_graphics_Sheenbidi.c */ /* include_juce_graphics_Sheenbidi.c */ = {isa = PBXFileReference; lastKnownFileType = sourcecode.c.c; name = include_juce_graphics_Sheenbidi.c; path = ../../JuceLibraryCode/include_juce_graphics_Sheenbidi.c; sourceTree = SOURCE_ROOT; };
		CFDAD3B4AF6B6FB6A0FF27EE /* include_juce_audio_plugin_client_AAX.mm */ /* include_juce_audio_plugin_client_AAX.mm */ = {isa = PBXFileReference; lastKnownFileType = sourcecode.cpp.objcpp; name = include_juce_audio_plugin_client_AAX.mm; path = ../../JuceLibraryCode/include_juce_audio_plugin_client_AAX.mm; sourceTree = SOURCE_ROOT; };
		D006B81115FF12F3197120D9 /* Info-AU.plist */ /* Info-AU.plist */ = {isa = PBXFileReference; lastKnownFileType = text.plist.xml; name = "Info-AU.plist"; path = "Info-AU.plist"; sourceTree = SOURCE_ROOT; };
		DB51CF2106E628994C8D2CDC /* aula.wav */ /* aula.wav */ = {isa = PBXFileReference; lastKnownFileType = file.wav; name = aula.wav; path = ../../Source/aula.wav; sourceTree = SOURCE_ROOT; };
		DDEFB1DF655AFFD42F0F49C7 /* include_juce_audio_plugin_client_AAX_utils.cpp */ /* include_juce_audio_plugin_client_AAX_utils.cpp */ = {isa = PBXFileReference; lastKnownFileType = sourcecode.cpp.cpp; name = include_juce_audio_plugin_client_AAX_utils.cpp; path = ../../JuceLibraryCode/include_juce_audio_plugin_client_AAX_utils.cpp; sourceTree = SOURCE_ROOT; };
		DE935FEA52E887C746979756 /* ConvolutionManager.h */ /* ConvolutionManager.h */ = {isa = PBXFileReference; lastKnownFileType = sourcecode.c.h; name = ConvolutionManager.h; path = ../../Source/ConvolutionManager.h; sourceTree = SOURCE_ROOT; };
		DF62602BE1B79B6F9DB500E4 /* Info-VST3.plist */ /* Info-VST3.plist */ = {isa = PBXFileReference; lastKnownFileType = text.plist.xml; name = "Info-VST3.plist"; path = "Info-VST3.plist"; sourceTree = SOURCE_ROOT; };
		E060BA1C292FB4A50D59B1CD /* PluginProcessor.h */ /* PluginProcessor.h */ = {isa = PBXFileReference; lastKnownFileType = sourcecode.c.h; name = PluginProcessor.h; path = ../../Source/PluginProcessor.h; sourceTree = SOURCE_ROOT; };
		E382319D38340C187B37F252 /* include_juce_audio_processors_headless_lv2_libs.cpp */ /* include_juce_audio_processors_headless_lv2_libs.cpp */ = {isa = PBXFileReference; lastKnownFileType = sourcecode.cpp.cpp; name = include_juce_audio_processors_headless_lv2_libs.cpp; path = ../../JuceLibraryCode/include_juce_audio_processors_headless_lv2_libs.cpp; sourceTree = SOURCE_ROOT; };
		E58E698045CD62B8F945EC09 /* IOKit.framework */ /* IOKit.framework */ = {isa = PBXFileReference; lastKnownFileType = wrapper.framework; name = IOKit.framework; path = System/Library/Frameworks/IOKit.framework; sourceTree = SDKROOT; };
		E9A5EC66BA948A2C1ABE7CD2 /* MatrixOps.h */ /* MatrixOps.h */ = {isa = PBXFileReference; lastKnownFileType = sourcecode.c.h; name = MatrixOps.h; path = ../../Source/MatrixOps.h; sourceTree = SOURCE_ROOT; };
		EB6D57EE3D58E4CA1BE127A2 /* juce_audio_processors_headless */ /* juce_audio_processors_headless */ = {isa = PBXFileReference; lastKnownFileType = folder; name = juce_audio_processors_headless; path = /Users/louisdeng/Documents/JUCE/modules/juce_audio_processors_headless; sourceTree = "<absolute>"; };
		EDAF8258CAF423E357A4EBA9 /* FilterIntegration.h */ /* FilterIntegration.h */ = {isa = PBXFileReference; lastKnownFileType = sourcecode.c.h; name = FilterIntegration.h; path = ../../Source/FilterIntegration.h; sourceTree = SOURCE_ROOT; };
		FD140A35045C92FD9C4DC81E /* PluginEditor.h */ /* PluginEditor.h */ = {isa = PBXFileReference; lastKnownFileType = sourcecode.c.h; name = PluginEditor.h; path = ../../Source/PluginEditor.h; sourceTree = SOURCE_ROOT; };
/* End PBXFileReference section */

/* Begin PBXFrameworksBuildPhase section */
		125AEEFC89F0F8D35F9C9F37 = {
			isa = PBXFrameworksBuildPhase;
			buildActionMask = 2147483647;
			files = (
				775F1A7E5357FE8282C45BED,
				BE70DC23E17F82F636120D09,
				524D36154A09114674A142E6,
				7825DB4E66644F395D0BCBFC,
				53494ABCC7AC00B42B270FED,
				622A1068055DD45819E1888C,
				1C3E9D673284C1BDEFDCE60E,
				D1E45F5F7FB4DD254905176D,
				601687328959E4F21779F352,
				91F1A08B27A59ED4558B660C,
				B3A9B4E28848CCDF1EEF6F66,
				946FD2835BFA7DEB5EDC5736,
				18EBCD2603F94D9757C720D3,
				7FCF6336EC49CF02B15CB86B,
			);
			runOnlyForDeploymentPostprocessing = 0;
		};
		652714E87E93D36621B09C0F = {
			isa = PBXFrameworksBuildPhase;
			buildActionMask = 2147483647;
			files = (
				775F1A7E5357FE8282C45BED,
				BE70DC23E17F82F636120D09,
				524D36154A09114674A142E6,
				7825DB4E66644F395D0BCBFC,
				53494ABCC7AC00B42B270FED,
				622A1068055DD45819E1888C,
				1C3E9D673284C1BDEFDCE60E,
				D1E45F5F7FB4DD254905176D,
				601687328959E4F21779F352,
				91F1A08B27A59ED4558B660C,
				B3A9B4E28848CCDF1EEF6F66,
				946FD2835BFA7DEB5EDC5736,
				18EBCD2603F94D9757C720D3,
				7FCF6336EC49CF02B15CB86B,
			);
			runOnlyForDeploymentPostprocessing = 0;
		};
		7512829E8A9F0946D453BCBE = {
			isa = PBXFrameworksBuildPhase;
			buildActionMask = 2147483647;
			files = (
				A0A66E0CC8F472EF7AF72942,
				775F1A7E5357FE8282C45BED,
				BE70DC23E17F82F636120D09,
				524D36154A09114674A142E6,
				7825DB4E66644F395D0BCBFC,
				53494ABCC7AC00B42B270FED,
				622A1068055DD45819E1888C,
				1C3E9D673284C1BDEFDCE60E,
				D1E45F5F7FB4DD254905176D,
				601687328959E4F21779F352,
				91F1A08B27A59ED4558B660C,
				B3A9B4E28848CCDF1EEF6F66,
				946FD2835BFA7DEB5EDC5736,
				18EBCD2603F94D9757C720D3,
				7FCF6336EC49CF02B15CB86B,
			);
			runOnlyForDeploymentPostprocessing = 0;
		};
		AE36F84FFB572ACA7B009E98 = {
			isa = PBXFrameworksBuildPhase;
			buildActionMask = 2147483647;
			files = (
				775F1A7E5357FE8282C45BED,
				BE70DC23E17F82F636120D09,
				524D36154A09114674A142E6,
				7825DB4E66644F395D0BCBFC,
				53494ABCC7AC00B42B270FED,
				622A1068055DD45819E1888C,
				1C3E9D673284C1BDEFDCE60E,
				D1E45F5F7FB4DD254905176D,
				601687328959E4F21779F352,
				91F1A08B27A59ED4558B660C,
				B3A9B4E28848CCDF1EEF6F66,
				946FD2835BFA7DEB5EDC5736,
				18EBCD2603F94D9757C720D3,
				7FCF6336EC49CF02B15CB86B,
			);
			runOnlyForDeploymentPostprocessing = 0;
		};
/* End PBXFrameworksBuildPhase section */

/* Begin PBXGroup section */
		06D6C81BA316DE31DB6E3213 /* Products */ = {
			isa = PBXGroup;
			children = (
				7D324A958D681B186681EDEB,
				B465F3471D0569CC0B043981,
				8470A13EC213D456BFF8D656,
				464B73BA092F19E19FA456C7,
				C4928512A8F3F7C4945670BF,
			);
			name = Products;
			sourceTree = "<group>";
		};
		287B6AEFF83550424B1488B3 /* Source */ = {
			isa = PBXGroup;
			children = (
				40C7C16CB5DD1E31043BA224,
				E060BA1C292FB4A50D59B1CD,
				980B93A60F631AE739BC3ED1,
				FD140A35045C92FD9C4DC81E,
			);
			name = Source;
			sourceTree = "<group>";
		};
		3A2369581A46884A29F2454A /* JUCE Modules */ = {
			isa = PBXGroup;
			children = (
				1C54A0F1ABB200156AAB3441,
				A15C9BE1C36BE3A164F009BA,
				986E95EB24D26EC62100534F,
				BFC18E2802EB5679D9DBBE0D,
				16340B9C2CF2AA3872C59D0A,
				C61BE43EA28F536CFD71FA30,
				EB6D57EE3D58E4CA1BE127A2,
				365A25B3D4FBAD42BC369FCC,
				BEE8D44BE442419A28D42699,
				1EEA00B359CE48D6F5038F1B,
				71E2E528439188C05B2DA8EA,
				32D16F9EC4C3F86EC497CC24,
				8C99DA1E534C04B07862E244,
				842AD6B1306247C83B6A88B7,
				A0A3AEF04580DF30A4AD8E61,
			);
			name = "JUCE Modules";
			sourceTree = "<group>";
		};
		649483240EA5AF7F19105236 /* JUCE Library Code */ = {
			isa = PBXGroup;
			children = (
				BB918A9009EAC3932CD35FE3,
				17ACFD8621D8206AFCD35D16,
				432C6E465F757EF422D77662,
				206E50A59D7E6BD2113D6DF7,
				289F8F3E5A1FE92434431167,
				526DFBC5781846D15EBDB6C2,
				91B3539793EA0596F73992FC,
				CFDAD3B4AF6B6FB6A0FF27EE,
				DDEFB1DF655AFFD42F0F49C7,
				AC7436AF017BE7797A4AE043,
				0111ADF628B5156ABABBF17B,
				955DDD58A12CFC523594B0C9,
				A3B519322022AF2748538227,
				A9342DEC54C43655F308AC1D,
				66BB0140E1EFF7BBE585A2BE,
				9E7E5C15A671AA20CE3249A5,
				E382319D38340C187B37F252,
				8D51E4DA732E4196BA47E24E,
				1E864CD85532F6E8337E33F1,
				C2D09A64AAC14A3B4E280C18,
				24A79CD62BCEDF5D6DCF2679,
				1A5FEB0B114202A4E3EC9782,
				AEAFB260AA75271C74AED0AC,
				36530BC24BE29830BBEE5E61,
				4FDC4AAD3569C74FDD810312,
				CA23B7231D9F5327336C29E9,
				8F039D2893BA782584F35289,
				5F5D5C74E1A151E0FF7A6136,
				680933F471A130FB0E0239F1,
				6EB81A966B042B2F7EA32680,
			);
			name = "JUCE Library Code";
			sourceTree = "<group>";
		};
		702D966A4C724F764E39DEC6 /* Audio */ = {
			isa = PBXGroup;
			children = (
				DB51CF2106E628994C8D2CDC,
				970B98651F20E807D86B85FD,
				0AAB2F6F48D9519DAD3FE4A0,
				A6452AA3EE396A4ED499E44E,
				3C58D51F1E404CEB20C471EA,
			);
			name = Audio;
			sourceTree = "<group>";
		};
		7B42193B98F97EFC624D9FCA /* Frameworks */ = {
			isa = PBXGroup;
			children = (
				75017048043E194FD3F4C1CC,
				C1C1DA9A2F96279AAB4886E2,
				4317BAE18174F471AF1D211D,
				AC69828A941C8AB016C185FF,
				052B8EEB1D00A58E1CD8607D,
				B60A1C187CFB36D511D066E6,
				4F636ADA1859A414700B5137,
				BCAFAECA3D24125AE1C16C8D,
				9DC94EBE791991A8CFAE07D8,
				E58E698045CD62B8F945EC09,
				470DDE1F2E1BA8DC6A6A8EA7,
				4740253A85951F3007B8F0C9,
				7AF28D3E3DEEF8445EC360E9,
				92601D6937541FC4626555A1,
				A8A170A502058100D6FE0CB7,
			);
			name = Frameworks;
			sourceTree = "<group>";
		};
		9159F865518287506D3E9044 /* Resources */ = {
			isa = PBXGroup;
			children = (
				DF62602BE1B79B6F9DB500E4,
				74B3E48564B188C5098CBF2F,
				D006B81115FF12F3197120D9,
				8B5666D3BA0C046FDAEA89B4,
				4818128375DCFE92FAB436D8,
			);
			name = Resources;
			sourceTree = "<group>";
		};
		A4687142A1601A952889DF57 /* hybridrevjo */ = {
			isa = PBXGroup;
			children = (
				E6B83BE4CA3C8D2EFEE054E3,
				F4B4C6E6468591ED0C2843A1,
				FBA8B4E4BD820C6E5D91B098,
				B01E7F1F6A1BAFE34759A251,
				287B6AEFF83550424B1488B3,
			);
			name = hybridrevjo;
			sourceTree = "<group>";
		};
		B01E7F1F6A1BAFE34759A251 /* LBD_dsp */ = {
			isa = PBXGroup;
			children = (
				2CDE734B89B9B9B1305908C7,
				24D9086FDCC97820E62CBC7B,
				DE935FEA52E887C746979756,
				4E09AB43A5B608ABBD2B0D8C,
				EDAF8258CAF423E357A4EBA9,
				37D78A86E754B80C2B184C8B,
				E9A5EC66BA948A2C1ABE7CD2,
				0B302543FF606BAC39F8FEFC,
				8C6ED276B5C1F84A9288861B,
			);
			name = LBD_dsp;
			sourceTree = "<group>";
		};
		D8615CA6CAD8FCC958279DA1 /* Source */ = {
			isa = PBXGroup;
			children = (
				A4687142A1601A952889DF57,
				3A2369581A46884A29F2454A,
				649483240EA5AF7F19105236,
				9159F865518287506D3E9044,
				7B42193B98F97EFC624D9FCA,
				06D6C81BA316DE31DB6E3213,
			);
			name = Source;
			sourceTree = "<group>";
		};
		E6B83BE4CA3C8D2EFEE054E3 /* MISC */ = {
			isa = PBXGroup;
			children = (
				6DCBC817CD19D6571EBCF2FD,
			);
			name = MISC;
			sourceTree = "<group>";
		};
		F4B4C6E6468591ED0C2843A1 /* Resources */ = {
			isa = PBXGroup;
			children = (
				702D966A4C724F764E39DEC6,
			);
			name = Resources;
			sourceTree = "<group>";
		};
		FBA8B4E4BD820C6E5D91B098 /* LBD_gui */ = {
			isa = PBXGroup;
			children = (
				00EA19B12CB54051FDD4F94F,
				251F35132F35E989040AF12C,
			);
			name = LBD_gui;
			sourceTree = "<group>";
		};
/* End PBXGroup section */

/* Begin PBXNativeTarget section */
		509C690BAA9622F670F1B12A /* hybridrevjo - VST3 Manifest Helper */ = {
			isa = PBXNativeTarget;
			buildConfigurationList = 5CA0A34DA54B30AEAE40CDE6;
			buildPhases = (
				86F48C6F19FB4C7F04CFF720,
				125AEEFC89F0F8D35F9C9F37,
			);
			buildRules = (
			);
			dependencies = (
			);
			name = "hybridrevjo - VST3 Manifest Helper";
			productName = hybridrevjo;
			productReference = C4928512A8F3F7C4945670BF;
			productType = "com.apple.product-type.tool";
		};
		5CFFE6861EF87969C487B11B /* hybridrevjo - VST3 */ = {
			isa = PBXNativeTarget;
			buildConfigurationList = 40CDA9BC4D89661CDD4A5261;
			buildPhases = (
				374A65C214E3A535B13BC30D,
				6F363C73BE8923BA9E8E6914,
				652714E87E93D36621B09C0F,
				F2BE737B34E99CCB1C42B75D,
				557BBF8DBC09A48258F05BF5,
			);
			buildRules = (
			);
			dependencies = (
				84EAA9EB3A38E83E24F956EE,
				43BC9930E2C3BAC663BF25DF,
			);
			name = "hybridrevjo - VST3";
			productName = hybridrevjo;
			productReference = 7D324A958D681B186681EDEB;
			productType = "com.apple.product-type.bundle";
		};
		61EAEB71E966935DE88E5CF6 /* hybridrevjo - Shared Code */ = {
			isa = PBXNativeTarget;
			buildConfigurationList = AEA1F4388C13277E20A384A7;
			buildPhases = (
				E1460EAD07F2E7268DEA405E,
			);
			buildRules = (
			);
			dependencies = (
			);
			name = "hybridrevjo - Shared Code";
			productName = hybridrevjo;
			productReference = 464B73BA092F19E19FA456C7;
			productType = "com.apple.product-type.library.static";
		};
		717F70C9E7BD3392EA045F38 /* hybridrevjo - AU */ = {
			isa = PBXNativeTarget;
			buildConfigurationList = B4DB5C5394AA94A27182EBD3;
			buildPhases = (
				BDF55980A789DF3AAC739EBF,
				EED2B9B24E0B52551EF29F66,
				7512829E8A9F0946D453BCBE,
				8798266E9696C174831B8476,
			);
			buildRules = (
			);
			dependencies = (
				B1D747202255DCAB48691E4C,
			);
			name = "hybridrevjo - AU";
			productName = hybridrevjo;
			productReference = 8470A13EC213D456BFF8D656;
			productType = "com.apple.product-type.bundle";
		};
		89757B4D4DFC23CE5A0C60E7 /* hybridrevjo - AAX */ = {
			isa = PBXNativeTarget;
			buildConfigurationList = EC6ACCD953310C18EB48D1B1;
			buildPhases = (
				99A6D1771C09DB0BF8A0D557,
				1B8A748BADF5A09D0F0E2562,
				AE36F84FFB572ACA7B009E98,
				ABA6832420AF74B7CE5D7007,
			);
			buildRules = (
			);
			dependencies = (
				FECD25A6B75659A44205DDD5,
			);
			name = "hybridrevjo - AAX";
			productName = hybridrevjo;
			productReference = B465F3471D0569CC0B043981;
			productType = "com.apple.product-type.bundle";
		};
/* End PBXNativeTarget section */

/* Begin PBXProject section */
		0355768D2B4348393FC81A40 = {
			isa = PBXProject;
			attributes = {
				BuildIndependentTargetsInParallel = YES;
				LastUpgradeCheck = 1340;
				ORGANIZATIONNAME = "LouisDeng";
				TargetAttributes = {
					509C690BAA9622F670F1B12A = {
						SystemCapabilities = {
							com.apple.ApplicationGroups.iOS = {
								enabled = 0;
							};
							com.apple.HardenedRuntime = {
								enabled = 0;
							};
							com.apple.InAppPurchase = {
								enabled = 0;
							};
							com.apple.InterAppAudio = {
								enabled = 0;
							};
							com.apple.Push = {
								enabled = 0;
							};
							com.apple.Sandbox = {
								enabled = 0;
							};
						};
					};
					5CFFE6861EF87969C487B11B = {
						SystemCapabilities = {
							com.apple.ApplicationGroups.iOS = {
								enabled = 0;
							};
							com.apple.HardenedRuntime = {
								enabled = 0;
							};
							com.apple.InAppPurchase = {
								enabled = 0;
							};
							com.apple.InterAppAudio = {
								enabled = 0;
							};
							com.apple.Push = {
								enabled = 0;
							};
							com.apple.Sandbox = {
								enabled = 0;
							};
						};
					};
					61EAEB71E966935DE88E5CF6 = {
						SystemCapabilities = {
							com.apple.ApplicationGroups.iOS = {
								enabled = 0;
							};
							com.apple.HardenedRuntime = {
								enabled = 0;
							};
							com.apple.InAppPurchase = {
								enabled = 0;
							};
							com.apple.InterAppAudio = {
								enabled = 0;
							};
							com.apple.Push = {
								enabled = 0;
							};
							com.apple.Sandbox = {
								enabled = 0;
							};
						};
					};
					717F70C9E7BD3392EA045F38 = {
						SystemCapabilities = {
							com.apple.ApplicationGroups.iOS = {
								enabled = 0;
							};
							com.apple.HardenedRuntime = {
								enabled = 0;
							};
							com.apple.InAppPurchase = {
								enabled = 0;
							};
							com.apple.InterAppAudio = {
								enabled = 0;
							};
							com.apple.Push = {
								enabled = 0;
							};
							com.apple.Sandbox = {
								enabled = 0;
							};
						};
					};
					89757B4D4DFC23CE5A0C60E7 = {
						SystemCapabilities = {
							com.apple.ApplicationGroups.iOS = {
								enabled = 0;
							};
							com.apple.HardenedRuntime = {
								enabled = 0;
							};
							com.apple.InAppPurchase = {
								enabled = 0;
							};
							com.apple.InterAppAudio = {
								enabled = 0;
							};
							com.apple.Push = {
								enabled = 0;
							};
							com.apple.Sandbox = {
								enabled = 0;
							};
						};
					};
					FF7CBD763589B2249E896369 = {
						SystemCapabilities = {
							com.apple.ApplicationGroups.iOS = {
								enabled = 0;
							};
							com.apple.HardenedRuntime = {
								enabled = 0;
							};
							com.apple.InAppPurchase = {
								enabled = 0;
							};
							com.apple.InterAppAudio = {
								enabled = 0;
							};
							com.apple.Push = {
								enabled = 0;
							};
							com.apple.Sandbox = {
								enabled = 0;
							};
						};
					};
				};
			};
			buildConfigurationList = 3E4EDE57C480CBAAF1D0E573;
			compatibilityVersion = "Xcode 3.2";
			hasScannedForEncodings = 0;
			knownRegions = (
				en,
				Base,
			);
			mainGroup = D8615CA6CAD8FCC958279DA1;
			projectDirPath = "";
			projectRoot = "";
			targets = (
				FF7CBD763589B2249E896369,
				5CFFE6861EF87969C487B11B,
				89757B4D4DFC23CE5A0C60E7,
				717F70C9E7BD3392EA045F38,
				61EAEB71E966935DE88E5CF6,
				509C690BAA9622F670F1B12A,
			);
		};
/* End PBXProject section */

/* Begin PBXResourcesBuildPhase section */
		374A65C214E3A535B13BC30D = {
			isa = PBXResourcesBuildPhase;
			buildActionMask = 2147483647;
			files = (
				69F61F202105D7B9D3D2EE44,
			);
			runOnlyForDeploymentPostprocessing = 0;
		};
		99A6D1771C09DB0BF8A0D557 = {
			isa = PBXResourcesBuildPhase;
			buildActionMask = 2147483647;
			files = (
				69F61F202105D7B9D3D2EE44,
			);
			runOnlyForDeploymentPostprocessing = 0;
		};
		BDF55980A789DF3AAC739EBF = {
			isa = PBXResourcesBuildPhase;
			buildActionMask = 2147483647;
			files = (
				69F61F202105D7B9D3D2EE44,
			);
			runOnlyForDeploymentPostprocessing = 0;
		};
/* End PBXResourcesBuildPhase section */

/* Begin PBXShellScriptBuildPhase section */
		557BBF8DBC09A48258F05BF5 /* Plugin Copy Step */ = {
			isa = PBXShellScriptBuildPhase;
			buildActionMask = 2147483647;
			files = (
			);
			runOnlyForDeploymentPostprocessing = 0;
			name = "Plugin Copy Step";
			alwaysOutOfDate = 1;
			shellPath = /bin/sh;
			shellScript = "set -euo pipefail\n\nif [[ \"${CONFIGURATION}\" == \"Debug\" ]]; then\n  destinationPlugin=\"${HOME}/Library/Audio/Plug-Ins/VST3//$(basename \"${TARGET_BUILD_DIR}/${WRAPPER_NAME}\")\"\n  echo Running rm -rf \\\"${destinationPlugin}\\\"\n  rm -rf \"${destinationPlugin}\"\n  echo Running ditto \\\"${TARGET_BUILD_DIR}/${WRAPPER_NAME}\\\" \\\"${destinationPlugin}\\\"\n  ditto \"${TARGET_BUILD_DIR}/${WRAPPER_NAME}\" \"${destinationPlugin}\"\n\n  if [[ -n \"${EXPANDED_CODE_SIGN_IDENTITY-}\" ]]; then\n    if [[ -n \"${CODE_SIGN_ENTITLEMENTS-}\" ]]; then\n      entitlementsArg=(--entitlements \"${CODE_SIGN_ENTITLEMENTS}\")\n    fi\n\n    echo Signing Identity: \\\"${EXPANDED_CODE_SIGN_IDENTITY_NAME}\\\"\n    echo Running codesign --verbose=4 --force --sign \\\"${EXPANDED_CODE_SIGN_IDENTITY}\\\" ${entitlementsArg[*]-} ${OTHER_CODE_SIGN_FLAGS-} \\\"${HOME}/Library/Audio/Plug-Ins/VST3//${WRAPPER_NAME}\\\"\n    codesign --verbose=4 --force --sign \"${EXPANDED_CODE_SIGN_IDENTITY}\" ${entitlementsArg[*]-} ${OTHER_CODE_SIGN_FLAGS-} \"${HOME}/Library/Audio/Plug-Ins/VST3//${WRAPPER_NAME}\"\n  fi\nfi\n\nif [[ \"${CONFIGURATION}\" == \"Release\" ]]; then\n  destinationPlugin=\"${HOME}/Library/Audio/Plug-Ins/VST3//$(basename \"${TARGET_BUILD_DIR}/${WRAPPER_NAME}\")\"\n  echo Running rm -rf \\\"${destinationPlugin}\\\"\n  rm -rf \"${destinationPlugin}\"\n  echo Running ditto \\\"${TARGET_BUILD_DIR}/${WRAPPER_NAME}\\\" \\\"${destinationPlugin}\\\"\n  ditto \"${TARGET_BUILD_DIR}/${WRAPPER_NAME}\" \"${destinationPlugin}\"\n\n  if [[ -n \"${EXPANDED_CODE_SIGN_IDENTITY-}\" ]]; then\n    if [[ -n \"${CODE_SIGN_ENTITLEMENTS-}\" ]]; then\n      entitlementsArg=(--entitlements \"${CODE_SIGN_ENTITLEMENTS}\")\n    fi\n\n    echo Signing Identity: \\\"${EXPANDED_CODE_SIGN_IDENTITY_NAME}\\\"\n    echo Running codesign --verbose=4 --force --sign \\\"${EXPANDED_CODE_SIGN_IDENTITY}\\\" ${entitlementsArg[*]-} ${OTHER_CODE_SIGN_FLAGS-} \\\"${HOME}/Library/Audio/Plug-Ins/VST3//${WRAPPER_NAME}\\\"\n    codesign --verbose=4 --force --sign \"${EXPANDED_CODE_SIGN_IDENTITY}\" ${entitlementsArg[*]-} ${OTHER_CODE_SIGN_FLAGS-} \"${HOME}/Library/Audio/Plug-Ins/VST3//${WRAPPER_NAME}\"\n  fi\nfi\n";
		};
		8798266E9696C174831B8476 /* Plugin Copy Step */ = {
			isa = PBXShellScriptBuildPhase;
			buildActionMask = 2147483647;
			files = (
			);
			runOnlyForDeploymentPostprocessing = 0;
			name = "Plugin Copy Step";
			alwaysOutOfDate = 1;
			shellPath = /bin/sh;
			shellScript = "set -euo pipefail\n\nif [[ \"${CONFIGURATION}\" == \"Debug\" ]]; then\n  destinationPlugin=\"${HOME}/Library/Audio/Plug-Ins/Components//$(basename \"${TARGET_BUILD_DIR}/${WRAPPER_NAME}\")\"\n  echo Running rm -rf \\\"${destinationPlugin}\\\"\n  rm -rf \"${destinationPlugin}\"\n  echo Running ditto \\\"${TARGET_BUILD_DIR}/${WRAPPER_NAME}\\\" \\\"${destinationPlugin}\\\"\n  ditto \"${TARGET_BUILD_DIR}/${WRAPPER_NAME}\" \"${destinationPlugin}\"\n\n  if [[ -n \"${EXPANDED_CODE_SIGN_IDENTITY-}\" ]]; then\n    if [[ -n \"${CODE_SIGN_ENTITLEMENTS-}\" ]]; then\n      entitlementsArg=(--entitlements \"${CODE_SIGN_ENTITLEMENTS}\")\n    fi\n\n    echo Signing Identity: \\\"${EXPANDED_CODE_SIGN_IDENTITY_NAME}\\\"\n    echo Running codesign --verbose=4 --force --sign \\\"${EXPANDED_CODE_SIGN_IDENTITY}\\\" ${entitlementsArg[*]-} ${OTHER_CODE_SIGN_FLAGS-} \\\"${HOME}/Library/Audio/Plug-Ins/Components//${WRAPPER_NAME}\\\"\n    codesign --verbose=4 --force --sign \"${EXPANDED_CODE_SIGN_IDENTITY}\" ${entitlementsArg[*]-} ${OTHER_CODE_SIGN_FLAGS-} \"${HOME}/Library/Audio/Plug-Ins/Components//${WRAPPER_NAME}\"\n  fi\nfi\n\nif [[ \"${CONFIGURATION}\" == \"Release\" ]]; then\n  destinationPlugin=\"${HOME}/Library/Audio/Plug-Ins/Components//$(basename \"${TARGET_BUILD_DIR}/${WRAPPER_NAME}\")\"\n  echo Running rm -rf \\\"${destinationPlugin}\\\"\n  rm -rf \"${destinationPlugin}\"\n  echo Running ditto \\\"${TARGET_BUILD_DIR}/${WRAPPER_NAME}\\\" \\\"${destinationPlugin}\\\"\n  ditto \"${TARGET_BUILD_DIR}/${WRAPPER_NAME}\" \"${destinationPlugin}\"\n\n  if [[ -n \"${EXPANDED_CODE_SIGN_IDENTITY-}\" ]]; then\n    if [[ -n \"${CODE_SIGN_ENTITLEMENTS-}\" ]]; then\n      entitlementsArg=(--entitlements \"${CODE_SIGN_ENTITLEMENTS}\")\n    fi\n\n    echo Signing Identity: \\\"${EXPANDED_CODE_SIGN_IDENTITY_NAME}\\\"\n    echo Running codesign --verbose=4 --force --sign \\\"${EXPANDED_CODE_SIGN_IDENTITY}\\\" ${entitlementsArg[*]-} ${OTHER_CODE_SIGN_FLAGS-} \\\"${HOME}/Library/Audio/Plug-Ins/Components//${WRAPPER_NAME}\\\"\n    codesign --verbose=4 --force --sign \"${EXPANDED_CODE_SIGN_IDENTITY}\" ${entitlementsArg[*]-} ${OTHER_CODE_SIGN_FLAGS-} \"${HOME}/Library/Audio/Plug-Ins/Components//${WRAPPER_NAME}\"\n  fi\nfi\n";
		};
		ABA6832420AF74B7CE5D7007 /* Plugin Copy Step */ = {
			isa = PBXShellScriptBuildPhase;
			buildActionMask = 2147483647;
			files = (
			);
			runOnlyForDeploymentPostprocessing = 0;
			name = "Plugin Copy Step";
			alwaysOutOfDate = 1;
			shellPath = /bin/sh;
			shellScript = "set -euo pipefail\n\nif [[ \"${CONFIGURATION}\" == \"Debug\" ]]; then\n  destinationPlugin=\"/Library/Application Support/Avid/Audio/Plug-Ins//$(basename \"${TARGET_BUILD_DIR}/${WRAPPER_NAME}\")\"\n  echo Running rm -rf \\\"${destinationPlugin}\\\"\n  rm -rf \"${destinationPlugin}\"\n  echo Running ditto \\\"${TARGET_BUILD_DIR}/${WRAPPER_NAME}\\\" \\\"${destinationPlugin}\\\"\n  ditto \"${TARGET_BUILD_DIR}/${WRAPPER_NAME}\" \"${destinationPlugin}\"\n\n  if [[ -n \"${EXPANDED_CODE_SIGN_IDENTITY-}\" ]]; then\n    if [[ -n \"${CODE_SIGN_ENTITLEMENTS-}\" ]]; then\n      entitlementsArg=(--entitlements \"${CODE_SIGN_ENTITLEMENTS}\")\n    fi\n\n    echo Signing Identity: \\\"${EXPANDED_CODE_SIGN_IDENTITY_NAME}\\\"\n    echo Running codesign --verbose=4 --force --sign \\\"${EXPANDED_CODE_SIGN_IDENTITY}\\\" ${entitlementsArg[*]-} ${OTHER_CODE_SIGN_FLAGS-} \\\"/Library/Application Support/Avid/Audio/Plug-Ins//${WRAPPER_NAME}\\\"\n    codesign --verbose=4 --force --sign \"${EXPANDED_CODE_SIGN_IDENTITY}\" ${entitlementsArg[*]-} ${OTHER_CODE_SIGN_FLAGS-} \"/Library/Application Support/Avid/Audio/Plug-Ins//${WRAPPER_NAME}\"\n  fi\nfi\n\nif [[ \"${CONFIGURATION}\" == \"Release\" ]]; then\n  destinationPlugin=\"/Library/Application Support/Avid/Audio/Plug-Ins//$(basename \"${TARGET_BUILD_DIR}/${WRAPPER_NAME}\")\"\n  echo Running rm -rf \\\"${destinationPlugin}\\\"\n  rm -rf \"${destinationPlugin}\"\n  echo Running ditto \\\"${TARGET_BUILD_DIR}/${WRAPPER_NAME}\\\" \\\"${destinationPlugin}\\\"\n  ditto \"${TARGET_BUILD_DIR}/${WRAPPER_NAME}\" \"${destinationPlugin}\"\n\n  if [[ -n \"${EXPANDED_CODE_SIGN_IDENTITY-}\" ]]; then\n    if [[ -n \"${CODE_SIGN_ENTITLEMENTS-}\" ]]; then\n      entitlementsArg=(--entitlements \"${CODE_SIGN_ENTITLEMENTS}\")\n    fi\n\n    echo Signing Identity: \\\"${EXPANDED_CODE_SIGN_IDENTITY_NAME}\\\"\n    echo Running codesign --verbose=4 --force --sign \\\"${EXPANDED_CODE_SIGN_IDENTITY}\\\" ${entitlementsArg[*]-} ${OTHER_CODE_SIGN_FLAGS-} \\\"/Library/Application Support/Avid/Audio/Plug-Ins//${WRAPPER_NAME}\\\"\n    codesign --verbose=4 --force --sign \"${EXPANDED_CODE_SIGN_IDENTITY}\" ${entitlementsArg[*]-} ${OTHER_CODE_SIGN_FLAGS-} \"/Library/Application Support/Avid/Audio/Plug-Ins//${WRAPPER_NAME}\"\n  fi\nfi\n";
		};
		F2BE737B34E99CCB1C42B75D /* Update manifest */ = {
			isa = PBXShellScriptBuildPhase;
			buildActionMask = 2147483647;
			files = (
			);
			runOnlyForDeploymentPostprocessing = 0;
			name = "Update manifest";
			alwaysOutOfDate = 1;
			shellPath = /bin/sh;
			shellScript = "set -euo pipefail\n\necho Running \\\"${CONFIGURATION_BUILD_DIR}/juce_vst3_helper\\\" \\> \\\"${CONFIGURATION_BUILD_DIR}/${WRAPPER_NAME}/Contents/Resources/moduleinfo.json\\\"\n\"${CONFIGURATION_BUILD_DIR}/juce_vst3_helper\" > \"${CONFIGURATION_BUILD_DIR}/${WRAPPER_NAME}/Contents/Resources/moduleinfo.json\"\n";
		};
/* End PBXShellScriptBuildPhase section */

/* Begin PBXSourcesBuildPhase section */
		1B8A748BADF5A09D0F0E2562 = {
			isa = PBXSourcesBuildPhase;
			buildActionMask = 2147483647;
			files = (
				8B185C2DB22179767E423983,
				A431F674B9A60AD4C58A71A9,
			);
			runOnlyForDeploymentPostprocessing = 0;
		};
		6F363C73BE8923BA9E8E6914 = {
			isa = PBXSourcesBuildPhase;
			buildActionMask = 2147483647;
			files = (
				290BDE0B7814FF7DD4AB1EF3,
			);
			runOnlyForDeploymentPostprocessing = 0;
		};
		86F48C6F19FB4C7F04CFF720 = {
			isa = PBXSourcesBuildPhase;
			buildActionMask = 2147483647;
			files = (
				E451483BC5079A08D651BCBC,
			);
			runOnlyForDeploymentPostprocessing = 0;
		};
		E1460EAD07F2E7268DEA405E = {
			isa = PBXSourcesBuildPhase;
			buildActionMask = 2147483647;
			files = (
				9FB9BE9CE4898701E2F21079,
				1B8230BEF4F96669B9BD3C91,
				A427ECDA119A00D63A9E46FB,
				1350D902EB407C9138A64261,
				A5C57911F6A364C08500F6FE,
				838B83372F9428AB71681D89,
				44A0D04218A13D0064C08514,
				97E38F7C2AD5F4CC59E7238D,
				D49599954483209A3071E59B,
				7FEB4F9E034254B8E9AA48E8,
				AA0DE0CE2F1FDE2F3156F8DF,
				9C0F4A7CB710A70D26B33988,
				F85DDF551F5C3AC650493F02,
				9FC2B40446C0EBA9FFF664B3,
				CED26298960AC21CEEFB091E,
				A7F23549AB32C331E2978AC5,
				FF16645B35DCA58EEF4A7960,
				7229EA2656CD1F9CD060D373,
				5D75E9F5783E4560FA8885E7,
				A8E685694597D0B12C8C0909,
				D35E3085243F5B874ABC38EB,
				B559BE0CFE54A85E3F93BEEE,
				573EC6CE73003A406EB03723,
			);
			runOnlyForDeploymentPostprocessing = 0;
		};
		EED2B9B24E0B52551EF29F66 = {
			isa = PBXSourcesBuildPhase;
			buildActionMask = 2147483647;
			files = (
				D93F53E504D408CC224BF786,
				FF0C574B0D7B8A014B6BBD4E,
			);
			runOnlyForDeploymentPostprocessing = 0;
		};
/* End PBXSourcesBuildPhase section */

/* Begin PBXTargetDependency section */
		0D715F7FA98D7B471509C0E3 = {
			isa = PBXTargetDependency;
			target = 509C690BAA9622F670F1B12A;
		};
		1B8CB967A164F43CF9B90DBC = {
			isa = PBXTargetDependency;
			target = 717F70C9E7BD3392EA045F38;
		};
		43BBDC5764C78DA5571584E2 = {
			isa = PBXTargetDependency;
			target = 61EAEB71E966935DE88E5CF6;
		};
		43BC9930E2C3BAC663BF25DF = {
			isa = PBXTargetDependency;
			target = 509C690BAA9622F670F1B12A;
		};
		84EAA9EB3A38E83E24F956EE = {
			isa = PBXTargetDependency;
			target = 61EAEB71E966935DE88E5CF6;
		};
		9B2E44BF9A890A88CDE3191A = {
			isa = PBXTargetDependency;
			target = 5CFFE6861EF87969C487B11B;
		};
		A613D479B3643F7961AA2105 = {
			isa = PBXTargetDependency;
			target = 89757B4D4DFC23CE5A0C60E7;
		};
		B1D747202255DCAB48691E4C = {
			isa = PBXTargetDependency;
			target = 61EAEB71E966935DE88E5CF6;
		};
		FECD25A6B75659A44205DDD5 = {
			isa = PBXTargetDependency;
			target = 61EAEB71E966935DE88E5CF6;
		};
/* End PBXTargetDependency section */

/* Begin XCBuildConfiguration section */
		16AB4227FB031EEEE598BFFD /* Release */ = {
			isa = XCBuildConfiguration;
			buildSettings = {
				ARCHS = "$(NATIVE_ARCH_ACTUAL)";
				CLANG_CXX_LANGUAGE_STANDARD = "c++17";
				CLANG_CXX_LIBRARY = "libc++";
				CLANG_LINK_OBJC_RUNTIME = NO;
				CODE_SIGN_IDENTITY = "";
				CODE_SIGN_STYLE = Manual;
				COMBINE_HIDPI_IMAGES = YES;
				CONFIGURATION_BUILD_DIR = "$(PROJECT_DIR)/build/$(CONFIGURATION)";
				DEAD_CODE_STRIPPING = YES;
				EXCLUDED_ARCHS = "i386";
				GCC_GENERATE_DEBUGGING_SYMBOLS = NO;
				GCC_OPTIMIZATION_LEVEL = 3;
				GCC_PREPROCESSOR_DEFINITIONS = (
					"_NDEBUG=1",
					"NDEBUG=1",
					"JUCER_XCODE_MAC_F6D2F4CF=1",
					"JUCE_APP_VERSION=2.11",
					"JUCE_APP_VERSION_HEX=0x20b00",
					"JucePlugin_Build_VST=0",
					"JucePlugin_Build_VST3=0",
					"JucePlugin_Build_AU=0",
					"JucePlugin_Build_AUv3=0",
					"JucePlugin_Build_AAX=0",
					"JucePlugin_Build_Standalone=0",
					"JucePlugin_Build_Unity=0",
					"JucePlugin_Build_LV2=0",
				);
				GCC_VERSION = com.apple.compilers.llvm.clang.1_0;
				HEADER_SEARCH_PATHS = (
					"/Users/louisdeng/Documents/JUCE/modules/juce_audio_processors_headless/format_types/VST3_SDK",
					"$(SRCROOT)/../../JuceLibraryCode",
					"/Users/louisdeng/Documents/JUCE/modules/juce_audio_plugin_client/AAX/SDK",
					"/Users/louisdeng/Documents/JUCE/modules/juce_audio_plugin_client/AAX/SDK/Interfaces",
					"/Users/louisdeng/Documents/JUCE/modules/juce_audio_plugin_client/AAX/SDK/Interfaces/ACF",
					"/Users/louisdeng/Documents/JUCE/modules",
					"/Users/louisdeng/Documents/JUCE/modules/juce_audio_plugin_client/AU",
					"$(inherited)",
				);
				INFOPLIST_FILE = Info-VST3_Manifest_Helper.plist;
				INFOPLIST_PREPROCESS = NO;
				LLVM_LTO = YES;
				MACOSX_DEPLOYMENT_TARGET = 10.13;
				MTL_HEADER_SEARCH_PATHS = "/Users/louisdeng/Documents/JUCE/modules/juce_audio_processors_headless/format_types/VST3_SDK $(SRCROOT)/../../JuceLibraryCode /Users/louisdeng/Documents/JUCE/modules/juce_audio_plugin_client/AAX/SDK /Users/louisdeng/Documents/JUCE/modules/juce_audio_plugin_client/AAX/SDK/Interfaces /Users/louisdeng/Documents/JUCE/modules/juce_audio_plugin_client/AAX/SDK/Interfaces/ACF /Users/louisdeng/Documents/JUCE/modules /Users/louisdeng/Documents/JUCE/modules/juce_audio_plugin_client/AU";
				PRODUCT_BUNDLE_IDENTIFIER = com.LouisDeng.hybridrevjo;
				PRODUCT_NAME = "juce_vst3_helper";
				PROVISIONING_PROFILE_SPECIFIER = "";
				USE_HEADERMAP = NO;
				VALID_ARCHS = "arm64 arm64e x86_64";
			};
			name = Release;
		};
		1B187C6E18D069DF28BC9B93 /* Debug */ = {
			isa = XCBuildConfiguration;
			buildSettings = {
				ARCHS = "$(NATIVE_ARCH_ACTUAL)";
				CLANG_CXX_LANGUAGE_STANDARD = "c++17";
				CLANG_CXX_LIBRARY = "libc++";
				CLANG_LINK_OBJC_RUNTIME = NO;
				CODE_SIGN_IDENTITY = "";
				CODE_SIGN_STYLE = Manual;
				COMBINE_HIDPI_IMAGES = YES;
				CONFIGURATION_BUILD_DIR = "$(PROJECT_DIR)/build/$(CONFIGURATION)";
				COPY_PHASE_STRIP = NO;
				EXCLUDED_ARCHS = "i386";
				GCC_DYNAMIC_NO_PIC = NO;
				GCC_OPTIMIZATION_LEVEL = 0;
				GCC_PREPROCESSOR_DEFINITIONS = (
					"_DEBUG=1",
					"DEBUG=1",
					"JUCER_XCODE_MAC_F6D2F4CF=1",
					"JUCE_APP_VERSION=2.11",
					"JUCE_APP_VERSION_HEX=0x20b00",
					"JucePlugin_Build_VST=0",
					"JucePlugin_Build_VST3=0",
					"JucePlugin_Build_AU=0",
					"JucePlugin_Build_AUv3=0",
					"JucePlugin_Build_AAX=0",
					"JucePlugin_Build_Standalone=0",
					"JucePlugin_Build_Unity=0",
					"JucePlugin_Build_LV2=0",
				);
				GCC_VERSION = com.apple.compilers.llvm.clang.1_0;
				HEADER_SEARCH_PATHS = (
					"/Users/louisdeng/Documents/JUCE/modules/juce_audio_processors_headless/format_types/VST3_SDK",
					"$(SRCROOT)/../../JuceLibraryCode",
					"/Users/louisdeng/Documents/JUCE/modules/juce_audio_plugin_client/AAX/SDK",
					"/Users/louisdeng/Documents/JUCE/modules/juce_audio_plugin_client/AAX/SDK/Interfaces",
					"/Users/louisdeng/Documents/JUCE/modules/juce_audio_plugin_client/AAX/SDK/Interfaces/ACF",
					"/Users/louisdeng/Documents/JUCE/modules",
					"/Users/louisdeng/Documents/JUCE/modules/juce_audio_plugin_client/AU",
					"$(inherited)",
				);
				INFOPLIST_FILE = Info-VST3_Manifest_Helper.plist;
				INFOPLIST_PREPROCESS = NO;
				MACOSX_DEPLOYMENT_TARGET = 10.13;
				MTL_HEADER_SEARCH_PATHS = "/Users/louisdeng/Documents/JUCE/modules/juce_audio_processors_headless/format_types/VST3_SDK $(SRCROOT)/../../JuceLibraryCode /Users/louisdeng/Documents/JUCE/modules/juce_audio_plugin_client/AAX/SDK /Users/louisdeng/Documents/JUCE/modules/juce_audio_plugin_client/AAX/SDK/Interfaces /Users/louisdeng/Documents/JUCE/modules/juce_audio_plugin_client/AAX/SDK/Interfaces/ACF /Users/louisdeng/Documents/JUCE/modules /Users/louisdeng/Documents/JUCE/modules/juce_audio_plugin_client/AU";
				PRODUCT_BUNDLE_IDENTIFIER = com.LouisDeng.hybridrevjo;
				PRODUCT_NAME = "juce_vst3_helper";
				PROVISIONING_PROFILE_SPECIFIER = "";
				USE_HEADERMAP = NO;
				VALID_ARCHS = "arm64 arm64e x86_64";
			};
			name = Debug;
		};
		260488C6F98439690284E7FC /* Debug */ = {
			isa = XCBuildConfiguration;
			buildSettings = {
				ALWAYS_SEARCH_USER_PATHS = NO;
				CLANG_ENABLE_OBJC_WEAK = YES;
				CLANG_WARN_BLOCK_CAPTURE_AUTORELEASING = YES;
				CLANG_WARN_BOOL_CONVERSION = YES;
				CLANG_WARN_COMMA = YES;
				CLANG_WARN_CONSTANT_CONVERSION = YES;
				CLANG_WARN_DEPRECATED_OBJC_IMPLEMENTATIONS = YES;
				CLANG_WARN_EMPTY_BODY = YES;
				CLANG_WARN_ENUM_CONVERSION = YES;
				CLANG_WARN_INFINITE_RECURSION = YES;
				CLANG_WARN_INT_CONVERSION = YES;
				CLANG_WARN_NON_LITERAL_NULL_CONVERSION = YES;
				CLANG_WARN_OBJC_IMPLICIT_RETAIN_SELF = YES;
				CLANG_WARN_OBJC_LITERAL_CONVERSION = YES;
				CLANG_WARN_RANGE_LOOP_ANALYSIS = YES;
				CLANG_WARN_STRICT_PROTOTYPES = YES;
				CLANG_WARN_SUSPICIOUS_MOVE = YES;
				CLANG_WARN_UNREACHABLE_CODE = YES;
				CLANG_WARN__DUPLICATE_METHOD_MATCH = YES;
				CODE_SIGN_IDENTITY = "";
				DEBUG_INFORMATION_FORMAT = dwarf;
				ENABLE_STRICT_OBJC_MSGSEND = YES;
				ENABLE_TESTABILITY = NO;
				GCC_C_LANGUAGE_STANDARD = c11;
				GCC_INLINES_ARE_PRIVATE_EXTERN = YES;
				GCC_MODEL_TUNING = G5;
				GCC_NO_COMMON_BLOCKS = YES;
				GCC_SYMBOLS_PRIVATE_EXTERN = YES;
				GCC_WARN_64_TO_32_BIT_CONVERSION = YES;
				GCC_WARN_ABOUT_RETURN_TYPE = YES;
				GCC_WARN_CHECK_SWITCH_STATEMENTS = YES;
				GCC_WARN_MISSING_PARENTHESES = YES;
				GCC_WARN_NON_VIRTUAL_DESTRUCTOR = YES;
				GCC_WARN_TYPECHECK_CALLS_TO_PRINTF = YES;
				GCC_WARN_UNDECLARED_SELECTOR = YES;
				GCC_WARN_UNINITIALIZED_AUTOS = YES;
				GCC_WARN_UNUSED_FUNCTION = YES;
				GCC_WARN_UNUSED_VARIABLE = YES;
				OTHER_CODE_SIGN_FLAGS = --timestamp;
				PRODUCT_NAME = "hybridrevjo";
				SDKROOT = macosx;
				WARNING_CFLAGS = "-Wreorder";
				ZERO_LINK = NO;
			};
			name = Debug;
		};
		2BE2382EDFEAF37771229764 /* Debug */ = {
			isa = XCBuildConfiguration;
			buildSettings = {
				ARCHS = "$(NATIVE_ARCH_ACTUAL)";
				CLANG_CXX_LANGUAGE_STANDARD = "c++17";
				CLANG_CXX_LIBRARY = "libc++";
				CLANG_LINK_OBJC_RUNTIME = NO;
				CODE_SIGN_IDENTITY = "";
				CODE_SIGN_STYLE = Manual;
				COMBINE_HIDPI_IMAGES = YES;
				CONFIGURATION_BUILD_DIR = "$(PROJECT_DIR)/build/$(CONFIGURATION)";
				COPY_PHASE_STRIP = NO;
				EXCLUDED_ARCHS = "i386";
				GCC_DYNAMIC_NO_PIC = NO;
				GCC_OPTIMIZATION_LEVEL = 0;
				GCC_PREPROCESSOR_DEFINITIONS = (
					"_DEBUG=1",
					"DEBUG=1",
					"JUCER_XCODE_MAC_F6D2F4CF=1",
					"JUCE_APP_VERSION=2.11",
					"JUCE_APP_VERSION_HEX=0x20b00",
					"JucePlugin_Build_VST=0",
					"JucePlugin_Build_VST3=1",
					"JucePlugin_Build_AU=0",
					"JucePlugin_Build_AUv3=0",
					"JucePlugin_Build_AAX=0",
					"JucePlugin_Build_Standalone=0",
					"JucePlugin_Build_Unity=0",
					"JucePlugin_Build_LV2=0",
				);
				GCC_VERSION = com.apple.compilers.llvm.clang.1_0;
				GENERATE_PKGINFO_FILE = YES;
				HEADER_SEARCH_PATHS = (
					"/Users/louisdeng/Documents/JUCE/modules/juce_audio_processors_headless/format_types/VST3_SDK",
					"$(SRCROOT)/../../JuceLibraryCode",
					"/Users/louisdeng/Documents/JUCE/modules/juce_audio_plugin_client/AAX/SDK",
					"/Users/louisdeng/Documents/JUCE/modules/juce_audio_plugin_client/AAX/SDK/Interfaces",
					"/Users/louisdeng/Documents/JUCE/modules/juce_audio_plugin_client/AAX/SDK/Interfaces/ACF",
					"/Users/louisdeng/Documents/JUCE/modules",
					"/Users/louisdeng/Documents/JUCE/modules/juce_audio_plugin_client/AU",
					"$(inherited)",
				);
				INFOPLIST_FILE = Info-VST3.plist;
				INFOPLIST_PREPROCESS = NO;
				INSTALL_PATH = "$(HOME)/Library/Audio/Plug-Ins/VST3/";
				LIBRARY_STYLE = Bundle;
				MACOSX_DEPLOYMENT_TARGET = 10.13;
				MTL_HEADER_SEARCH_PATHS = "/Users/louisdeng/Documents/JUCE/modules/juce_audio_processors_headless/format_types/VST3_SDK $(SRCROOT)/../../JuceLibraryCode /Users/louisdeng/Documents/JUCE/modules/juce_audio_plugin_client/AAX/SDK /Users/louisdeng/Documents/JUCE/modules/juce_audio_plugin_client/AAX/SDK/Interfaces /Users/louisdeng/Documents/JUCE/modules/juce_audio_plugin_client/AAX/SDK/Interfaces/ACF /Users/louisdeng/Documents/JUCE/modules /Users/louisdeng/Documents/JUCE/modules/juce_audio_plugin_client/AU";
				OTHER_LDFLAGS = "-bundle -lhybridrevjo";
				PRODUCT_BUNDLE_IDENTIFIER = com.LouisDeng.hybridrevjo;
				PRODUCT_NAME = "hybridrevjo";
				PROVISIONING_PROFILE_SPECIFIER = "";
				USE_HEADERMAP = NO;
				VALID_ARCHS = "arm64 arm64e x86_64";
				WRAPPER_EXTENSION = vst3;
			};
			name = Debug;
		};
		447366D7493BDC023AE5C5EB /* Debug */ = {
			isa = XCBuildConfiguration;
			buildSettings = {
				ARCHS = "$(NATIVE_ARCH_ACTUAL)";
				CLANG_CXX_LANGUAGE_STANDARD = "c++17";
				CLANG_CXX_LIBRARY = "libc++";
				CLANG_LINK_OBJC_RUNTIME = NO;
				CODE_SIGN_IDENTITY = "";
				CODE_SIGN_STYLE = Manual;
				COMBINE_HIDPI_IMAGES = YES;
				CONFIGURATION_BUILD_DIR = "$(PROJECT_DIR)/build/$(CONFIGURATION)";
				COPY_PHASE_STRIP = NO;
				EXCLUDED_ARCHS = "i386";
				GCC_DYNAMIC_NO_PIC = NO;
				GCC_OPTIMIZATION_LEVEL = 0;
				GCC_PREPROCESSOR_DEFINITIONS = (
					"_DEBUG=1",
					"DEBUG=1",
					"JUCER_XCODE_MAC_F6D2F4CF=1",
					"JUCE_APP_VERSION=2.11",
					"JUCE_APP_VERSION_HEX=0x20b00",
					"JucePlugin_Build_VST=0",
					"JucePlugin_Build_VST3=0",
					"JucePlugin_Build_AU=1",
					"JucePlugin_Build_AUv3=0",
					"JucePlugin_Build_AAX=0",
					"JucePlugin_Build_Standalone=0",
					"JucePlugin_Build_Unity=0",
					"JucePlugin_Build_LV2=0",
				);
				GCC_VERSION = com.apple.compilers.llvm.clang.1_0;
				GENERATE_PKGINFO_FILE = YES;
				HEADER_SEARCH_PATHS = (
					"/Users/louisdeng/Documents/JUCE/modules/juce_audio_processors_headless/format_types/VST3_SDK",
					"$(SRCROOT)/../../JuceLibraryCode",
					"/Users/louisdeng/Documents/JUCE/modules/juce_audio_plugin_client/AAX/SDK",
					"/Users/louisdeng/Documents/JUCE/modules/juce_audio_plugin_client/AAX/SDK/Interfaces",
					"/Users/louisdeng/Documents/JUCE/modules/juce_audio_plugin_client/AAX/SDK/Interfaces/ACF",
					"/Users/louisdeng/Documents/JUCE/modules",
					"/Users/louisdeng/Documents/JUCE/modules/juce_audio_plugin_client/AU",
					"$(inherited)",
				);
				INFOPLIST_FILE = Info-AU.plist;
				INFOPLIST_PREPROCESS = NO;
				INSTALL_PATH = "$(HOME)/Library/Audio/Plug-Ins/Components/";
				LIBRARY_STYLE = Bundle;
				MACOSX_DEPLOYMENT_TARGET = 10.13;
				MTL_HEADER_SEARCH_PATHS = "/Users/louisdeng/Documents/JUCE/modules/juce_audio_processors_headless/format_types/VST3_SDK $(SRCROOT)/../../JuceLibraryCode /Users/louisdeng/Documents/JUCE/modules/juce_audio_plugin_client/AAX/SDK /Users/louisdeng/Documents/JUCE/modules/juce_audio_plugin_client/AAX/SDK/Interfaces /Users/louisdeng/Documents/JUCE/modules/juce_audio_plugin_client/AAX/SDK/Interfaces/ACF /Users/louisdeng/Documents/JUCE/modules /Users/louisdeng/Documents/JUCE/modules/juce_audio_plugin_client/AU";
				OTHER_LDFLAGS = "-bundle -lhybridrevjo";
				OTHER_REZFLAGS = "-d ppc_$ppc -d i386_$i386 -d ppc64_$ppc64 -d x86_64_$x86_64 -d arm64_$arm64 -I /System/Library/Frameworks/CoreServices.framework/Frameworks/CarbonCore.framework/Versions/A/Headers -I \"$(DEVELOPER_DIR)/Extras/CoreAudio/AudioUnits/AUPublic/AUBase\" -I \"$(DEVELOPER_DIR)/Platforms/MacOSX.platform/Developer/SDKs/MacOSX.sdk/System/Library/Frameworks/AudioUnit.framework/Headers\"";
				PRODUCT_BUNDLE_IDENTIFIER = com.LouisDeng.hybridrevjo;
				PRODUCT_NAME = "hybridrevjo";
				PROVISIONING_PROFILE_SPECIFIER = "";
				USE_HEADERMAP = NO;
				VALID_ARCHS = "arm64 arm64e x86_64";
				WRAPPER_EXTENSION = component;
			};
			name = Debug;
		};
		4B2799B52AA41FBAD84C83D5 /* Release */ = {
			isa = XCBuildConfiguration;
			buildSettings = {
				ARCHS = "$(NATIVE_ARCH_ACTUAL)";
				CLANG_CXX_LANGUAGE_STANDARD = "c++17";
				CLANG_CXX_LIBRARY = "libc++";
				CLANG_LINK_OBJC_RUNTIME = NO;
				CODE_SIGN_IDENTITY = "";
				CODE_SIGN_STYLE = Manual;
				COMBINE_HIDPI_IMAGES = YES;
				CONFIGURATION_BUILD_DIR = "$(PROJECT_DIR)/build/$(CONFIGURATION)";
				DEAD_CODE_STRIPPING = YES;
				EXCLUDED_ARCHS = "i386";
				GCC_GENERATE_DEBUGGING_SYMBOLS = NO;
				GCC_OPTIMIZATION_LEVEL = 3;
				GCC_PREPROCESSOR_DEFINITIONS = (
					"_NDEBUG=1",
					"NDEBUG=1",
					"JUCER_XCODE_MAC_F6D2F4CF=1",
					"JUCE_APP_VERSION=2.11",
					"JUCE_APP_VERSION_HEX=0x20b00",
					"JucePlugin_Build_VST=0",
					"JucePlugin_Build_VST3=0",
					"JucePlugin_Build_AU=0",
					"JucePlugin_Build_AUv3=0",
					"JucePlugin_Build_AAX=1",
					"JucePlugin_Build_Standalone=0",
					"JucePlugin_Build_Unity=0",
					"JucePlugin_Build_LV2=0",
				);
				GCC_VERSION = com.apple.compilers.llvm.clang.1_0;
				GENERATE_PKGINFO_FILE = YES;
				HEADER_SEARCH_PATHS = (
					"/Users/louisdeng/Documents/JUCE/modules/juce_audio_processors_headless/format_types/VST3_SDK",
					"$(SRCROOT)/../../JuceLibraryCode",
					"/Users/louisdeng/Documents/JUCE/modules/juce_audio_plugin_client/AAX/SDK",
					"/Users/louisdeng/Documents/JUCE/modules/juce_audio_plugin_client/AAX/SDK/Interfaces",
					"/Users/louisdeng/Documents/JUCE/modules/juce_audio_plugin_client/AAX/SDK/Interfaces/ACF",
					"/Users/louisdeng/Documents/JUCE/modules",
					"/Users/louisdeng/Documents/JUCE/modules/juce_audio_plugin_client/AU",
					"$(inherited)",
				);
				INFOPLIST_FILE = Info-AAX.plist;
				INFOPLIST_PREPROCESS = NO;
				INSTALL_PATH = "/Library/Application Support/Avid/Audio/Plug-Ins/";
				LIBRARY_STYLE = Bundle;
				LLVM_LTO = YES;
				MACOSX_DEPLOYMENT_TARGET = 10.13;
				MTL_HEADER_SEARCH_PATHS = "/Users/louisdeng/Documents/JUCE/modules/juce_audio_processors_headless/format_types/VST3_SDK $(SRCROOT)/../../JuceLibraryCode /Users/louisdeng/Documents/JUCE/modules/juce_audio_plugin_client/AAX/SDK /Users/louisdeng/Documents/JUCE/modules/juce_audio_plugin_client/AAX/SDK/Interfaces /Users/louisdeng/Documents/JUCE/modules/juce_audio_plugin_client/AAX/SDK/Interfaces/ACF /Users/louisdeng/Documents/JUCE/modules /Users/louisdeng/Documents/JUCE/modules/juce_audio_plugin_client/AU";
				OTHER_LDFLAGS = "-bundle -lhybridrevjo";
				PRODUCT_BUNDLE_IDENTIFIER = com.LouisDeng.hybridrevjo;
				PRODUCT_NAME = "hybridrevjo";
				PROVISIONING_PROFILE_SPECIFIER = "";
				USE_HEADERMAP = NO;
				VALID_ARCHS = "arm64 arm64e x86_64";
				WRAPPER_EXTENSION = aaxplugin;
			};
			name = Release;
		};
		603D4A77F8F6FF35698ACFFE /* Release */ = {
			isa = XCBuildConfiguration;
			buildSettings = {
				ARCHS = "$(NATIVE_ARCH_ACTUAL)";
				CLANG_CXX_LANGUAGE_STANDARD = "c++17";
				CLANG_CXX_LIBRARY = "libc++";
				CLANG_LINK_OBJC_RUNTIME = NO;
				CODE_SIGN_IDENTITY = "";
				CODE_SIGN_STYLE = Manual;
				COMBINE_HIDPI_IMAGES = YES;
				CONFIGURATION_BUILD_DIR = "$(PROJECT_DIR)/build/$(CONFIGURATION)";
				DEAD_CODE_STRIPPING = YES;
				EXCLUDED_ARCHS = "i386";
				GCC_GENERATE_DEBUGGING_SYMBOLS = NO;
				GCC_OPTIMIZATION_LEVEL = 3;
				GCC_PREPROCESSOR_DEFINITIONS = (
					"_NDEBUG=1",
					"NDEBUG=1",
					"JUCER_XCODE_MAC_F6D2F4CF=1",
					"JUCE_APP_VERSION=2.11",
					"JUCE_APP_VERSION_HEX=0x20b00",
					"JucePlugin_Build_VST=0",
					"JucePlugin_Build_VST3=0",
					"JucePlugin_Build_AU=1",
					"JucePlugin_Build_AUv3=0",
					"JucePlugin_Build_AAX=0",
					"JucePlugin_Build_Standalone=0",
					"JucePlugin_Build_Unity=0",
					"JucePlugin_Build_LV2=0",
				);
				GCC_VERSION = com.apple.compilers.llvm.clang.1_0;
				GENERATE_PKGINFO_FILE = YES;
				HEADER_SEARCH_PATHS = (
					"/Users/louisdeng/Documents/JUCE/modules/juce_audio_processors_headless/format_types/VST3_SDK",
					"$(SRCROOT)/../../JuceLibraryCode",
					"/Users/louisdeng/Documents/JUCE/modules/juce_audio_plugin_client/AAX/SDK",
					"/Users/louisdeng/Documents/JUCE/modules/juce_audio_plugin_client/AAX/SDK/Interfaces",
					"/Users/louisdeng/Documents/JUCE/modules/juce_audio_plugin_client/AAX/SDK/Interfaces/ACF",
					"/Users/louisdeng/Documents/JUCE/modules",
					"/Users/louisdeng/Documents/JUCE/modules/juce_audio_plugin_client/AU",
					"$(inherited)",
				);
				INFOPLIST_FILE = Info-AU.plist;
				INFOPLIST_PREPROCESS = NO;
				INSTALL_PATH = "$(HOME)/Library/Audio/Plug-Ins/Components/";
				LIBRARY_STYLE = Bundle;
				LLVM_LTO = YES;
				MACOSX_DEPLOYMENT_TARGET = 10.13;
				MTL_HEADER_SEARCH_PATHS = "/Users/louisdeng/Documents/JUCE/modules/juce_audio_processors_headless/format_types/VST3_SDK $(SRCROOT)/../../JuceLibraryCode /Users/louisdeng/Documents/JUCE/modules/juce_audio_plugin_client/AAX/SDK /Users/louisdeng/Documents/JUCE/modules/juce_audio_plugin_client/AAX/SDK/Interfaces /Users/louisdeng/Documents/JUCE/modules/juce_audio_plugin_client/AAX/SDK/Interfaces/ACF /Users/louisdeng/Documents/JUCE/modules /Users/louisdeng/Documents/JUCE/modules/juce_audio_plugin_client/AU";
				OTHER_LDFLAGS = "-bundle -lhybridrevjo";
				OTHER_REZFLAGS = "-d ppc_$ppc -d i386_$i386 -d ppc64_$ppc64 -d x86_64_$x86_64 -d arm64_$arm64 -I /System/Library/Frameworks/CoreServices.framework/Frameworks/CarbonCore.framework/Versions/A/Headers -I \"$(DEVELOPER_DIR)/Extras/CoreAudio/AudioUnits/AUPublic/AUBase\" -I \"$(DEVELOPER_DIR)/Platforms/MacOSX.platform/Developer/SDKs/MacOSX.sdk/System/Library/Frameworks/AudioUnit.framework/Headers\"";
				PRODUCT_BUNDLE_IDENTIFIER = com.LouisDeng.hybridrevjo;
				PRODUCT_NAME = "hybridrevjo";
				PROVISIONING_PROFILE_SPECIFIER = "";
				USE_HEADERMAP = NO;
				VALID_ARCHS = "arm64 arm64e x86_64";
				WRAPPER_EXTENSION = component;
			};
			name = Release;
		};
		7A939A6CFDABC130147BB86E /* Release */ = {
			isa = XCBuildConfiguration;
			buildSettings = {
				ARCHS = "$(NATIVE_ARCH_ACTUAL)";
				CLANG_CXX_LANGUAGE_STANDARD = "c++17";
				CLANG_CXX_LIBRARY = "libc++";
				CLANG_LINK_OBJC_RUNTIME = NO;
				CODE_SIGN_IDENTITY = "";
				CODE_SIGN_STYLE = Manual;
				COMBINE_HIDPI_IMAGES = YES;
				CONFIGURATION_BUILD_DIR = "$(PROJECT_DIR)/build/$(CONFIGURATION)";
				DEAD_CODE_STRIPPING = YES;
				EXCLUDED_ARCHS = "i386";
				GCC_GENERATE_DEBUGGING_SYMBOLS = NO;
				GCC_OPTIMIZATION_LEVEL = 3;
				GCC_PREPROCESSOR_DEFINITIONS = (
					"_NDEBUG=1",
					"NDEBUG=1",
					"JUCER_XCODE_MAC_F6D2F4CF=1",
					"JUCE_APP_VERSION=2.11",
					"JUCE_APP_VERSION_HEX=0x20b00",
					"JucePlugin_Build_VST=0",
					"JucePlugin_Build_VST3=1",
					"JucePlugin_Build_AU=1",
					"JucePlugin_Build_AUv3=0",
					"JucePlugin_Build_AAX=1",
					"JucePlugin_Build_Standalone=0",
					"JucePlugin_Build_Unity=0",
					"JucePlugin_Build_LV2=0",
					"JUCE_SHARED_CODE=1",
				);
				GCC_VERSION = com.apple.compilers.llvm.clang.1_0;
				HEADER_SEARCH_PATHS = (
					"/Users/louisdeng/Documents/JUCE/modules/juce_audio_processors_headless/format_types/VST3_SDK",
					"$(SRCROOT)/../../JuceLibraryCode",
					"/Users/louisdeng/Documents/JUCE/modules/juce_audio_plugin_client/AAX/SDK",
					"/Users/louisdeng/Documents/JUCE/modules/juce_audio_plugin_client/AAX/SDK/Interfaces",
					"/Users/louisdeng/Documents/JUCE/modules/juce_audio_plugin_client/AAX/SDK/Interfaces/ACF",
					"/Users/louisdeng/Documents/JUCE/modules",
					"/Users/louisdeng/Documents/JUCE/modules/juce_audio_plugin_client/AU",
					"$(inherited)",
				);
				INSTALL_PATH = "@executable_path/../Frameworks";
				LLVM_LTO = YES;
				MACOSX_DEPLOYMENT_TARGET = 10.13;
				MTL_HEADER_SEARCH_PATHS = "/Users/louisdeng/Documents/JUCE/modules/juce_audio_processors_headless/format_types/VST3_SDK $(SRCROOT)/../../JuceLibraryCode /Users/louisdeng/Documents/JUCE/modules/juce_audio_plugin_client/AAX/SDK /Users/louisdeng/Documents/JUCE/modules/juce_audio_plugin_client/AAX/SDK/Interfaces /Users/louisdeng/Documents/JUCE/modules/juce_audio_plugin_client/AAX/SDK/Interfaces/ACF /Users/louisdeng/Documents/JUCE/modules /Users/louisdeng/Documents/JUCE/modules/juce_audio_plugin_client/AU";
				PRODUCT_BUNDLE_IDENTIFIER = com.LouisDeng.hybridrevjo;
				PRODUCT_NAME = "hybridrevjo";
				PROVISIONING_PROFILE_SPECIFIER = "";
				SKIP_INSTALL = YES;
				USE_HEADERMAP = NO;
				VALID_ARCHS = "arm64 arm64e x86_64";
			};
			name = Release;
		};
		8305C25E76E33B325D0481EC /* Debug */ = {
			isa = XCBuildConfiguration;
			buildSettings = {
				MACOSX_DEPLOYMENT_TARGET = 10.13;
				SDKROOT = macosx;
			};
			name = Debug;
		};
		9865A35D2284BA3F9631B348 /* Debug */ = {
			isa = XCBuildConfiguration;
			buildSettings = {
				ARCHS = "$(NATIVE_ARCH_ACTUAL)";
				CLANG_CXX_LANGUAGE_STANDARD = "c++17";
				CLANG_CXX_LIBRARY = "libc++";
				CLANG_LINK_OBJC_RUNTIME = NO;
				CODE_SIGN_IDENTITY = "";
				CODE_SIGN_STYLE = Manual;
				COMBINE_HIDPI_IMAGES = YES;
				CONFIGURATION_BUILD_DIR = "$(PROJECT_DIR)/build/$(CONFIGURATION)";
				COPY_PHASE_STRIP = NO;
				EXCLUDED_ARCHS = "i386";
				GCC_DYNAMIC_NO_PIC = NO;
				GCC_OPTIMIZATION_LEVEL = 0;
				GCC_PREPROCESSOR_DEFINITIONS = (
					"_DEBUG=1",
					"DEBUG=1",
					"JUCER_XCODE_MAC_F6D2F4CF=1",
					"JUCE_APP_VERSION=2.11",
					"JUCE_APP_VERSION_HEX=0x20b00",
					"JucePlugin_Build_VST=0",
					"JucePlugin_Build_VST3=1",
					"JucePlugin_Build_AU=1",
					"JucePlugin_Build_AUv3=0",
					"JucePlugin_Build_AAX=1",
					"JucePlugin_Build_Standalone=0",
					"JucePlugin_Build_Unity=0",
					"JucePlugin_Build_LV2=0",
					"JUCE_SHARED_CODE=1",
				);
				GCC_VERSION = com.apple.compilers.llvm.clang.1_0;
				HEADER_SEARCH_PATHS = (
					"/Users/louisdeng/Documents/JUCE/modules/juce_audio_processors_headless/format_types/VST3_SDK",
					"$(SRCROOT)/../../JuceLibraryCode",
					"/Users/louisdeng/Documents/JUCE/modules/juce_audio_plugin_client/AAX/SDK",
					"/Users/louisdeng/Documents/JUCE/modules/juce_audio_plugin_client/AAX/SDK/Interfaces",
					"/Users/louisdeng/Documents/JUCE/modules/juce_audio_plugin_client/AAX/SDK/Interfaces/ACF",
					"/Users/louisdeng/Documents/JUCE/modules",
					"/Users/louisdeng/Documents/JUCE/modules/juce_audio_plugin_client/AU",
					"$(inherited)",
				);
				INSTALL_PATH = "@executable_path/../Frameworks";
				MACOSX_DEPLOYMENT_TARGET = 10.13;
				MTL_HEADER_SEARCH_PATHS = "/Users/louisdeng/Documents/JUCE/modules/juce_audio_processors_headless/format_types/VST3_SDK $(SRCROOT)/../../JuceLibraryCode /Users/louisdeng/Documents/JUCE/modules/juce_audio_plugin_client/AAX/SDK /Users/louisdeng/Documents/JUCE/modules/juce_audio_plugin_client/AAX/SDK/Interfaces /Users/louisdeng/Documents/JUCE/modules/juce_audio_plugin_client/AAX/SDK/Interfaces/ACF /Users/louisdeng/Documents/JUCE/modules /Users/louisdeng/Documents/JUCE/modules/juce_audio_plugin_client/AU";
				PRODUCT_BUNDLE_IDENTIFIER = com.LouisDeng.hybridrevjo;
				PRODUCT_NAME = "hybridrevjo";
				PROVISIONING_PROFILE_SPECIFIER = "";
				SKIP_INSTALL = YES;
				USE_HEADERMAP = NO;
				VALID_ARCHS = "arm64 arm64e x86_64";
			};
			name = Debug;
		};
		AB9BCBD0342ADB15F9935A0F /* Release */ = {
			isa = XCBuildConfiguration;
			buildSettings = {
				ALWAYS_SEARCH_USER_PATHS = NO;
				CLANG_ENABLE_OBJC_WEAK = YES;
				CLANG_WARN_BLOCK_CAPTURE_AUTORELEASING = YES;
				CLANG_WARN_BOOL_CONVERSION = YES;
				CLANG_WARN_COMMA = YES;
				CLANG_WARN_CONSTANT_CONVERSION = YES;
				CLANG_WARN_DEPRECATED_OBJC_IMPLEMENTATIONS = YES;
				CLANG_WARN_EMPTY_BODY = YES;
				CLANG_WARN_ENUM_CONVERSION = YES;
				CLANG_WARN_INFINITE_RECURSION = YES;
				CLANG_WARN_INT_CONVERSION = YES;
				CLANG_WARN_NON_LITERAL_NULL_CONVERSION = YES;
				CLANG_WARN_OBJC_IMPLICIT_RETAIN_SELF = YES;
				CLANG_WARN_OBJC_LITERAL_CONVERSION = YES;
				CLANG_WARN_RANGE_LOOP_ANALYSIS = YES;
				CLANG_WARN_STRICT_PROTOTYPES = YES;
				CLANG_WARN_SUSPICIOUS_MOVE = YES;
				CLANG_WARN_UNREACHABLE_CODE = YES;
				CLANG_WARN__DUPLICATE_METHOD_MATCH = YES;
				CODE_SIGN_IDENTITY = "";
				DEBUG_INFORMATION_FORMAT = dwarf;
				ENABLE_STRICT_OBJC_MSGSEND = YES;
				ENABLE_TESTABILITY = NO;
				GCC_C_LANGUAGE_STANDARD = c11;
				GCC_INLINES_ARE_PRIVATE_EXTERN = YES;
				GCC_MODEL_TUNING = G5;
				GCC_NO_COMMON_BLOCKS = YES;
				GCC_SYMBOLS_PRIVATE_EXTERN = YES;
				GCC_WARN_64_TO_32_BIT_CONVERSION = YES;
				GCC_WARN_ABOUT_RETURN_TYPE = YES;
				GCC_WARN_CHECK_SWITCH_STATEMENTS = YES;
				GCC_WARN_MISSING_PARENTHESES = YES;
				GCC_WARN_NON_VIRTUAL_DESTRUCTOR = YES;
				GCC_WARN_TYPECHECK_CALLS_TO_PRINTF = YES;
				GCC_WARN_UNDECLARED_SELECTOR = YES;
				GCC_WARN_UNINITIALIZED_AUTOS = YES;
				GCC_WARN_UNUSED_FUNCTION = YES;
				GCC_WARN_UNUSED_VARIABLE = YES;
				OTHER_CODE_SIGN_FLAGS = --timestamp;
				PRODUCT_NAME = "hybridrevjo";
				SDKROOT = macosx;
				WARNING_CFLAGS = "-Wreorder";
				ZERO_LINK = NO;
			};
			name = Release;
		};
		F2832A110B6C5E4BE49563C1 /* Release */ = {
			isa = XCBuildConfiguration;
			buildSettings = {
				MACOSX_DEPLOYMENT_TARGET = 10.13;
				SDKROOT = macosx;
			};
			name = Release;
		};
		F40DC3F277B9E84A87A98EC8 /* Debug */ = {
			isa = XCBuildConfiguration;
			buildSettings = {
				ARCHS = "$(NATIVE_ARCH_ACTUAL)";
				CLANG_CXX_LANGUAGE_STANDARD = "c++17";
				CLANG_CXX_LIBRARY = "libc++";
				CLANG_LINK_OBJC_RUNTIME = NO;
				CODE_SIGN_IDENTITY = "";
				CODE_SIGN_STYLE = Manual;
				COMBINE_HIDPI_IMAGES = YES;
				CONFIGURATION_BUILD_DIR = "$(PROJECT_DIR)/build/$(CONFIGURATION)";
				COPY_PHASE_STRIP = NO;
				EXCLUDED_ARCHS = "i386";
				GCC_DYNAMIC_NO_PIC = NO;
				GCC_OPTIMIZATION_LEVEL = 0;
				GCC_PREPROCESSOR_DEFINITIONS = (
					"_DEBUG=1",
					"DEBUG=1",
					"JUCER_XCODE_MAC_F6D2F4CF=1",
					"JUCE_APP_VERSION=2.11",
					"JUCE_APP_VERSION_HEX=0x20b00",
					"JucePlugin_Build_VST=0",
					"JucePlugin_Build_VST3=0",
					"JucePlugin_Build_AU=0",
					"JucePlugin_Build_AUv3=0",
					"JucePlugin_Build_AAX=1",
					"JucePlugin_Build_Standalone=0",
					"JucePlugin_Build_Unity=0",
					"JucePlugin_Build_LV2=0",
				);
				GCC_VERSION = com.apple.compilers.llvm.clang.1_0;
				GENERATE_PKGINFO_FILE = YES;
				HEADER_SEARCH_PATHS = (
					"/Users/louisdeng/Documents/JUCE/modules/juce_audio_processors_headless/format_types/VST3_SDK",
					"$(SRCROOT)/../../JuceLibraryCode",
					"/Users/louisdeng/Documents/JUCE/modules/juce_audio_plugin_client/AAX/SDK",
					"/Users/louisdeng/Documents/JUCE/modules/juce_audio_plugin_client/AAX/SDK/Interfaces",
					"/Users/louisdeng/Documents/JUCE/modules/juce_audio_plugin_client/AAX/SDK/Interfaces/ACF",
					"/Users/louisdeng/Documents/JUCE/modules",
					"/Users/louisdeng/Documents/JUCE/modules/juce_audio_plugin_client/AU",
					"$(inherited)",
				);
				INFOPLIST_FILE = Info-AAX.plist;
				INFOPLIST_PREPROCESS = NO;
				INSTALL_PATH = "/Library/Application Support/Avid/Audio/Plug-Ins/";
				LIBRARY_STYLE = Bundle;
				MACOSX_DEPLOYMENT_TARGET = 10.13;
				MTL_HEADER_SEARCH_PATHS = "/Users/louisdeng/Documents/JUCE/modules/juce_audio_processors_headless/format_types/VST3_SDK $(SRCROOT)/../../JuceLibraryCode /Users/louisdeng/Documents/JUCE/modules/juce_audio_plugin_client/AAX/SDK /Users/louisdeng/Documents/JUCE/modules/juce_audio_plugin_client/AAX/SDK/Interfaces /Users/louisdeng/Documents/JUCE/modules/juce_audio_plugin_client/AAX/SDK/Interfaces/ACF /Users/louisdeng/Documents/JUCE/modules /Users/louisdeng/Documents/JUCE/modules/juce_audio_plugin_client/AU";
				OTHER_LDFLAGS = "-bundle -lhybridrevjo";
				PRODUCT_BUNDLE_IDENTIFIER = com.LouisDeng.hybridrevjo;
				PRODUCT_NAME = "hybridrevjo";
				PROVISIONING_PROFILE_SPECIFIER = "";
				USE_HEADERMAP = NO;
				VALID_ARCHS = "arm64 arm64e x86_64";
				WRAPPER_EXTENSION = aaxplugin;
			};
			name = Debug;
		};
		F4C6A9426345933900D0A58D /* Release */ = {
			isa = XCBuildConfiguration;
			buildSettings = {
				ARCHS = "$(NATIVE_ARCH_ACTUAL)";
				CLANG_CXX_LANGUAGE_STANDARD = "c++17";
				CLANG_CXX_LIBRARY = "libc++";
				CLANG_LINK_OBJC_RUNTIME = NO;
				CODE_SIGN_IDENTITY = "";
				CODE_SIGN_STYLE = Manual;
				COMBINE_HIDPI_IMAGES = YES;
				CONFIGURATION_BUILD_DIR = "$(PROJECT_DIR)/build/$(CONFIGURATION)";
				DEAD_CODE_STRIPPING = YES;
				EXCLUDED_ARCHS = "i386";
				GCC_GENERATE_DEBUGGING_SYMBOLS = NO;
				GCC_OPTIMIZATION_LEVEL = 3;
				GCC_PREPROCESSOR_DEFINITIONS = (
					"_NDEBUG=1",
					"NDEBUG=1",
					"JUCER_XCODE_MAC_F6D2F4CF=1",
					"JUCE_APP_VERSION=2.11",
					"JUCE_APP_VERSION_HEX=0x20b00",
					"JucePlugin_Build_VST=0",
					"JucePlugin_Build_VST3=1",
					"JucePlugin_Build_AU=0",
					"JucePlugin_Build_AUv3=0",
					"JucePlugin_Build_AAX=0",
					"JucePlugin_Build_Standalone=0",
					"JucePlugin_Build_Unity=0",
					"JucePlugin_Build_LV2=0",
				);
				GCC_VERSION = com.apple.compilers.llvm.clang.1_0;
				GENERATE_PKGINFO_FILE = YES;
				HEADER_SEARCH_PATHS = (
					"/Users/louisdeng/Documents/JUCE/modules/juce_audio_processors_headless/format_types/VST3_SDK",
					"$(SRCROOT)/../../JuceLibraryCode",
					"/Users/louisdeng/Documents/JUCE/modules/juce_audio_plugin_client/AAX/SDK",
					"/Users/louisdeng/Documents/JUCE/modules/juce_audio_plugin_client/AAX/SDK/Interfaces",
					"/Users/louisdeng/Documents/JUCE/modules/juce_audio_plugin_client/AAX/SDK/Interfaces/ACF",
					"/Users/louisdeng/Documents/JUCE/modules",
					"/Users/louisdeng/Documents/JUCE/modules/juce_audio_plugin_client/AU",
					"$(inherited)",
				);
				INFOPLIST_FILE = Info-VST3.plist;
				INFOPLIST_PREPROCESS = NO;
				INSTALL_PATH = "$(HOME)/Library/Audio/Plug-Ins/VST3/";
				LIBRARY_STYLE = Bundle;
				LLVM_LTO = YES;
				MACOSX_DEPLOYMENT_TARGET = 10.13;
				MTL_HEADER_SEARCH_PATHS = "/Users/louisdeng/Documents/JUCE/modules/juce_audio_processors_headless/format_types/VST3_SDK $(SRCROOT)/../../JuceLibraryCode /Users/louisdeng/Documents/JUCE/modules/juce_audio_plugin_client/AAX/SDK /Users/louisdeng/Documents/JUCE/modules/juce_audio_plugin_client/AAX/SDK/Interfaces /Users/louisdeng/Documents/JUCE/modules/juce_audio_plugin_client/AAX/SDK/Interfaces/ACF /Users/louisdeng/Documents/JUCE/modules /Users/louisdeng/Documents/JUCE/modules/juce_audio_plugin_client/AU";
				OTHER_LDFLAGS = "-bundle -lhybridrevjo";
				PRODUCT_BUNDLE_IDENTIFIER = com.LouisDeng.hybridrevjo;
				PRODUCT_NAME = "hybridrevjo";
				PROVISIONING_PROFILE_SPECIFIER = "";
				USE_HEADERMAP = NO;
				VALID_ARCHS = "arm64 arm64e x86_64";
				WRAPPER_EXTENSION = vst3;
			};
			name = Release;
		};
/* End XCBuildConfiguration section */

/* Begin XCConfigurationList section */
		3E4EDE57C480CBAAF1D0E573 = {
			isa = XCConfigurationList;
			buildConfigurations = (
				260488C6F98439690284E7FC,
				AB9BCBD0342ADB15F9935A0F,
			);
			defaultConfigurationIsVisible = 0;
			defaultConfigurationName = Debug;
		};
		40CDA9BC4D89661CDD4A5261 = {
			isa = XCConfigurationList;
			buildConfigurations = (
				2BE2382EDFEAF37771229764,
				F4C6A9426345933900D0A58D,
			);
			defaultConfigurationIsVisible = 0;
			defaultConfigurationName = Debug;
		};
		5CA0A34DA54B30AEAE40CDE6 = {
			isa = XCConfigurationList;
			buildConfigurations = (
				1B187C6E18D069DF28BC9B93,
				16AB4227FB031EEEE598BFFD,
			);
			defaultConfigurationIsVisible = 0;
			defaultConfigurationName = Debug;
		};
		AEA1F4388C13277E20A384A7 = {
			isa = XCConfigurationList;
			buildConfigurations = (
				9865A35D2284BA3F9631B348,
				7A939A6CFDABC130147BB86E,
			);
			defaultConfigurationIsVisible = 0;
			defaultConfigurationName = Debug;
		};
		B4DB5C5394AA94A27182EBD3 = {
			isa = XCConfigurationList;
			buildConfigurations = (
				447366D7493BDC023AE5C5EB,
				603D4A77F8F6FF35698ACFFE,
			);
			defaultConfigurationIsVisible = 0;
			defaultConfigurationName = Debug;
		};
		DC7BDDE1F34E0758BB4CE469 = {
			isa = XCConfigurationList;
			buildConfigurations = (
				8305C25E76E33B325D0481EC,
				F2832A110B6C5E4BE49563C1,
			);
			defaultConfigurationIsVisible = 0;
			defaultConfigurationName = Debug;
		};
		EC6ACCD953310C18EB48D1B1 = {
			isa = XCConfigurationList;
			buildConfigurations = (
				F40DC3F277B9E84A87A98EC8,
				4B2799B52AA41FBAD84C83D5,
			);
			defaultConfigurationIsVisible = 0;
			defaultConfigurationName = Debug;
		};
/* End XCConfigurationList section */
	};
	rootObject = 0355768D2B4348393FC81A40 /* Project object */;
}
